// !$*UTF8*$!
{
	archiveVersion = 1;
	classes = {
	};
	objectVersion = 50;
	objects = {

/* Begin PBXBuildFile section */
		4F8C4DB7129579EA28DEE9A6 /* Pods_PodspecTest.framework in Frameworks */ = {isa = PBXBuildFile; fileRef = 6A4E7E398B54DE5F9B37115A /* Pods_PodspecTest.framework */; };
		DCFE4E7E229F170F005C60A1 /* AppDelegate.swift in Sources */ = {isa = PBXBuildFile; fileRef = DCFE4E7D229F170F005C60A1 /* AppDelegate.swift */; };
		DCFE4E80229F170F005C60A1 /* ViewController.swift in Sources */ = {isa = PBXBuildFile; fileRef = DCFE4E7F229F170F005C60A1 /* ViewController.swift */; };
		DCFE4E82229F1710005C60A1 /* Assets.xcassets in Resources */ = {isa = PBXBuildFile; fileRef = DCFE4E81229F1710005C60A1 /* Assets.xcassets */; };
		DCFE4E85229F1710005C60A1 /* Main.storyboard in Resources */ = {isa = PBXBuildFile; fileRef = DCFE4E83229F1710005C60A1 /* Main.storyboard */; };
/* End PBXBuildFile section */

/* Begin PBXFileReference section */
		6A4E7E398B54DE5F9B37115A /* Pods_PodspecTest.framework */ = {isa = PBXFileReference; explicitFileType = wrapper.framework; includeInIndex = 0; path = Pods_PodspecTest.framework; sourceTree = BUILT_PRODUCTS_DIR; };
		83A2FA03CB0AB0F3BE7AC1AC /* Pods-PodspecTest.debug.xcconfig */ = {isa = PBXFileReference; includeInIndex = 1; lastKnownFileType = text.xcconfig; name = "Pods-PodspecTest.debug.xcconfig"; path = "Target Support Files/Pods-PodspecTest/Pods-PodspecTest.debug.xcconfig"; sourceTree = "<group>"; };
		B799ADE05E2F17C24093F3B4 /* Pods-PodspecTest.release.xcconfig */ = {isa = PBXFileReference; includeInIndex = 1; lastKnownFileType = text.xcconfig; name = "Pods-PodspecTest.release.xcconfig"; path = "Target Support Files/Pods-PodspecTest/Pods-PodspecTest.release.xcconfig"; sourceTree = "<group>"; };
		DCFE4E7A229F170F005C60A1 /* PodspecTest.app */ = {isa = PBXFileReference; explicitFileType = wrapper.application; includeInIndex = 0; path = PodspecTest.app; sourceTree = BUILT_PRODUCTS_DIR; };
		DCFE4E7D229F170F005C60A1 /* AppDelegate.swift */ = {isa = PBXFileReference; lastKnownFileType = sourcecode.swift; path = AppDelegate.swift; sourceTree = "<group>"; };
		DCFE4E7F229F170F005C60A1 /* ViewController.swift */ = {isa = PBXFileReference; lastKnownFileType = sourcecode.swift; path = ViewController.swift; sourceTree = "<group>"; };
		DCFE4E81229F1710005C60A1 /* Assets.xcassets */ = {isa = PBXFileReference; lastKnownFileType = folder.assetcatalog; path = Assets.xcassets; sourceTree = "<group>"; };
		DCFE4E84229F1710005C60A1 /* Base */ = {isa = PBXFileReference; lastKnownFileType = file.storyboard; name = Base; path = Base.lproj/Main.storyboard; sourceTree = "<group>"; };
		DCFE4E86229F1710005C60A1 /* Info.plist */ = {isa = PBXFileReference; lastKnownFileType = text.plist.xml; path = Info.plist; sourceTree = "<group>"; };
		DCFE4E87229F1710005C60A1 /* PodspecTest.entitlements */ = {isa = PBXFileReference; lastKnownFileType = text.plist.entitlements; path = PodspecTest.entitlements; sourceTree = "<group>"; };
/* End PBXFileReference section */

/* Begin PBXFrameworksBuildPhase section */
		DCFE4E77229F170F005C60A1 /* Frameworks */ = {
			isa = PBXFrameworksBuildPhase;
			buildActionMask = 2147483647;
			files = (
				4F8C4DB7129579EA28DEE9A6 /* Pods_PodspecTest.framework in Frameworks */,
			);
			runOnlyForDeploymentPostprocessing = 0;
		};
/* End PBXFrameworksBuildPhase section */

/* Begin PBXGroup section */
		997D18456DB30F9660DADC28 /* Pods */ = {
			isa = PBXGroup;
			children = (
				83A2FA03CB0AB0F3BE7AC1AC /* Pods-PodspecTest.debug.xcconfig */,
				B799ADE05E2F17C24093F3B4 /* Pods-PodspecTest.release.xcconfig */,
			);
			name = Pods;
			path = Pods;
			sourceTree = "<group>";
		};
		D282FB202318CF22B85193CB /* Frameworks */ = {
			isa = PBXGroup;
			children = (
				6A4E7E398B54DE5F9B37115A /* Pods_PodspecTest.framework */,
			);
			name = Frameworks;
			sourceTree = "<group>";
		};
		DCFE4E71229F170F005C60A1 = {
			isa = PBXGroup;
			children = (
				DCFE4E7C229F170F005C60A1 /* PodspecTest */,
				DCFE4E7B229F170F005C60A1 /* Products */,
				997D18456DB30F9660DADC28 /* Pods */,
				D282FB202318CF22B85193CB /* Frameworks */,
			);
			sourceTree = "<group>";
		};
		DCFE4E7B229F170F005C60A1 /* Products */ = {
			isa = PBXGroup;
			children = (
				DCFE4E7A229F170F005C60A1 /* PodspecTest.app */,
			);
			name = Products;
			sourceTree = "<group>";
		};
		DCFE4E7C229F170F005C60A1 /* PodspecTest */ = {
			isa = PBXGroup;
			children = (
				DCFE4E7D229F170F005C60A1 /* AppDelegate.swift */,
				DCFE4E7F229F170F005C60A1 /* ViewController.swift */,
				DCFE4E81229F1710005C60A1 /* Assets.xcassets */,
				DCFE4E83229F1710005C60A1 /* Main.storyboard */,
				DCFE4E86229F1710005C60A1 /* Info.plist */,
				DCFE4E87229F1710005C60A1 /* PodspecTest.entitlements */,
			);
			path = PodspecTest;
			sourceTree = "<group>";
		};
/* End PBXGroup section */

/* Begin PBXNativeTarget section */
		DCFE4E79229F170F005C60A1 /* PodspecTest */ = {
			isa = PBXNativeTarget;
			buildConfigurationList = DCFE4E8A229F1710005C60A1 /* Build configuration list for PBXNativeTarget "PodspecTest" */;
			buildPhases = (
				7F6AB1C02ABF04771F80CE6E /* [CP] Check Pods Manifest.lock */,
				DCFE4E76229F170F005C60A1 /* Sources */,
				DCFE4E77229F170F005C60A1 /* Frameworks */,
				DCFE4E78229F170F005C60A1 /* Resources */,
				524D62A81F3187509FF1388D /* [CP] Embed Pods Frameworks */,
			);
			buildRules = (
			);
			dependencies = (
			);
			name = PodspecTest;
			productName = PodspecTest;
			productReference = DCFE4E7A229F170F005C60A1 /* PodspecTest.app */;
			productType = "com.apple.product-type.application";
		};
/* End PBXNativeTarget section */

/* Begin PBXProject section */
		DCFE4E72229F170F005C60A1 /* Project object */ = {
			isa = PBXProject;
			attributes = {
				LastSwiftUpdateCheck = 1020;
				LastUpgradeCheck = 1020;
				ORGANIZATIONNAME = "4th-A Technologies";
				TargetAttributes = {
					DCFE4E79229F170F005C60A1 = {
						CreatedOnToolsVersion = 10.2.1;
					};
				};
			};
			buildConfigurationList = DCFE4E75229F170F005C60A1 /* Build configuration list for PBXProject "PodspecTest" */;
			compatibilityVersion = "Xcode 9.3";
			developmentRegion = en;
			hasScannedForEncodings = 0;
			knownRegions = (
				en,
				Base,
			);
			mainGroup = DCFE4E71229F170F005C60A1;
			productRefGroup = DCFE4E7B229F170F005C60A1 /* Products */;
			projectDirPath = "";
			projectRoot = "";
			targets = (
				DCFE4E79229F170F005C60A1 /* PodspecTest */,
			);
		};
/* End PBXProject section */

/* Begin PBXResourcesBuildPhase section */
		DCFE4E78229F170F005C60A1 /* Resources */ = {
			isa = PBXResourcesBuildPhase;
			buildActionMask = 2147483647;
			files = (
				DCFE4E82229F1710005C60A1 /* Assets.xcassets in Resources */,
				DCFE4E85229F1710005C60A1 /* Main.storyboard in Resources */,
			);
			runOnlyForDeploymentPostprocessing = 0;
		};
/* End PBXResourcesBuildPhase section */

/* Begin PBXShellScriptBuildPhase section */
		524D62A81F3187509FF1388D /* [CP] Embed Pods Frameworks */ = {
			isa = PBXShellScriptBuildPhase;
			buildActionMask = 2147483647;
			files = (
			);
			inputFileListPaths = (
			);
			inputPaths = (
				"${PODS_ROOT}/Target Support Files/Pods-PodspecTest/Pods-PodspecTest-frameworks.sh",
				"${BUILT_PRODUCTS_DIR}/ZDCSyncable/ZDCSyncable.framework",
			);
			name = "[CP] Embed Pods Frameworks";
			outputFileListPaths = (
			);
			outputPaths = (
				"${TARGET_BUILD_DIR}/${FRAMEWORKS_FOLDER_PATH}/ZDCSyncable.framework",
			);
			runOnlyForDeploymentPostprocessing = 0;
			shellPath = /bin/sh;
			shellScript = "\"${PODS_ROOT}/Target Support Files/Pods-PodspecTest/Pods-PodspecTest-frameworks.sh\"\n";
			showEnvVarsInLog = 0;
		};
		7F6AB1C02ABF04771F80CE6E /* [CP] Check Pods Manifest.lock */ = {
			isa = PBXShellScriptBuildPhase;
			buildActionMask = 2147483647;
			files = (
			);
			inputFileListPaths = (
			);
			inputPaths = (
				"${PODS_PODFILE_DIR_PATH}/Podfile.lock",
				"${PODS_ROOT}/Manifest.lock",
			);
			name = "[CP] Check Pods Manifest.lock";
			outputFileListPaths = (
			);
			outputPaths = (
				"$(DERIVED_FILE_DIR)/Pods-PodspecTest-checkManifestLockResult.txt",
			);
			runOnlyForDeploymentPostprocessing = 0;
			shellPath = /bin/sh;
			shellScript = "diff \"${PODS_PODFILE_DIR_PATH}/Podfile.lock\" \"${PODS_ROOT}/Manifest.lock\" > /dev/null\nif [ $? != 0 ] ; then\n    # print error to STDERR\n    echo \"error: The sandbox is not in sync with the Podfile.lock. Run 'pod install' or update your CocoaPods installation.\" >&2\n    exit 1\nfi\n# This output is used by Xcode 'outputs' to avoid re-running this script phase.\necho \"SUCCESS\" > \"${SCRIPT_OUTPUT_FILE_0}\"\n";
			showEnvVarsInLog = 0;
		};
/* End PBXShellScriptBuildPhase section */

/* Begin PBXSourcesBuildPhase section */
		DCFE4E76229F170F005C60A1 /* Sources */ = {
			isa = PBXSourcesBuildPhase;
			buildActionMask = 2147483647;
			files = (
				DCFE4E80229F170F005C60A1 /* ViewController.swift in Sources */,
				DCFE4E7E229F170F005C60A1 /* AppDelegate.swift in Sources */,
			);
			runOnlyForDeploymentPostprocessing = 0;
		};
/* End PBXSourcesBuildPhase section */

/* Begin PBXVariantGroup section */
		DCFE4E83229F1710005C60A1 /* Main.storyboard */ = {
			isa = PBXVariantGroup;
			children = (
				DCFE4E84229F1710005C60A1 /* Base */,
			);
			name = Main.storyboard;
			sourceTree = "<group>";
		};
/* End PBXVariantGroup section */

/* Begin XCBuildConfiguration section */
		DCFE4E88229F1710005C60A1 /* Debug */ = {
			isa = XCBuildConfiguration;
			buildSettings = {
				ALWAYS_SEARCH_USER_PATHS = NO;
				CLANG_ANALYZER_NONNULL = YES;
				CLANG_ANALYZER_NUMBER_OBJECT_CONVERSION = YES_AGGRESSIVE;
				CLANG_CXX_LANGUAGE_STANDARD = "gnu++14";
				CLANG_CXX_LIBRARY = "libc++";
				CLANG_ENABLE_MODULES = YES;
				CLANG_ENABLE_OBJC_ARC = YES;
				CLANG_ENABLE_OBJC_WEAK = YES;
				CLANG_WARN_BLOCK_CAPTURE_AUTORELEASING = YES;
				CLANG_WARN_BOOL_CONVERSION = YES;
				CLANG_WARN_COMMA = YES;
				CLANG_WARN_CONSTANT_CONVERSION = YES;
				CLANG_WARN_DEPRECATED_OBJC_IMPLEMENTATIONS = YES;
				CLANG_WARN_DIRECT_OBJC_ISA_USAGE = YES_ERROR;
				CLANG_WARN_DOCUMENTATION_COMMENTS = YES;
				CLANG_WARN_EMPTY_BODY = YES;
				CLANG_WARN_ENUM_CONVERSION = YES;
				CLANG_WARN_INFINITE_RECURSION = YES;
				CLANG_WARN_INT_CONVERSION = YES;
				CLANG_WARN_NON_LITERAL_NULL_CONVERSION = YES;
				CLANG_WARN_OBJC_IMPLICIT_RETAIN_SELF = YES;
				CLANG_WARN_OBJC_LITERAL_CONVERSION = YES;
				CLANG_WARN_OBJC_ROOT_CLASS = YES_ERROR;
				CLANG_WARN_RANGE_LOOP_ANALYSIS = YES;
				CLANG_WARN_STRICT_PROTOTYPES = YES;
				CLANG_WARN_SUSPICIOUS_MOVE = YES;
				CLANG_WARN_UNGUARDED_AVAILABILITY = YES_AGGRESSIVE;
				CLANG_WARN_UNREACHABLE_CODE = YES;
				CLANG_WARN__DUPLICATE_METHOD_MATCH = YES;
				CODE_SIGN_IDENTITY = "Mac Developer";
				COPY_PHASE_STRIP = NO;
				DEBUG_INFORMATION_FORMAT = dwarf;
				ENABLE_STRICT_OBJC_MSGSEND = YES;
				ENABLE_TESTABILITY = YES;
				GCC_C_LANGUAGE_STANDARD = gnu11;
				GCC_DYNAMIC_NO_PIC = NO;
				GCC_NO_COMMON_BLOCKS = YES;
				GCC_OPTIMIZATION_LEVEL = 0;
				GCC_PREPROCESSOR_DEFINITIONS = (
					"DEBUG=1",
					"$(inherited)",
				);
				GCC_WARN_64_TO_32_BIT_CONVERSION = YES;
				GCC_WARN_ABOUT_RETURN_TYPE = YES_ERROR;
				GCC_WARN_UNDECLARED_SELECTOR = YES;
				GCC_WARN_UNINITIALIZED_AUTOS = YES_AGGRESSIVE;
				GCC_WARN_UNUSED_FUNCTION = YES;
				GCC_WARN_UNUSED_VARIABLE = YES;
				MACOSX_DEPLOYMENT_TARGET = 10.14;
				MTL_ENABLE_DEBUG_INFO = INCLUDE_SOURCE;
				MTL_FAST_MATH = YES;
				ONLY_ACTIVE_ARCH = YES;
				SDKROOT = macosx;
				SWIFT_ACTIVE_COMPILATION_CONDITIONS = DEBUG;
				SWIFT_OPTIMIZATION_LEVEL = "-Onone";
			};
			name = Debug;
		};
		DCFE4E89229F1710005C60A1 /* Release */ = {
			isa = XCBuildConfiguration;
			buildSettings = {
				ALWAYS_SEARCH_USER_PATHS = NO;
				CLANG_ANALYZER_NONNULL = YES;
				CLANG_ANALYZER_NUMBER_OBJECT_CONVERSION = YES_AGGRESSIVE;
				CLANG_CXX_LANGUAGE_STANDARD = "gnu++14";
				CLANG_CXX_LIBRARY = "libc++";
				CLANG_ENABLE_MODULES = YES;
				CLANG_ENABLE_OBJC_ARC = YES;
				CLANG_ENABLE_OBJC_WEAK = YES;
				CLANG_WARN_BLOCK_CAPTURE_AUTORELEASING = YES;
				CLANG_WARN_BOOL_CONVERSION = YES;
				CLANG_WARN_COMMA = YES;
				CLANG_WARN_CONSTANT_CONVERSION = YES;
				CLANG_WARN_DEPRECATED_OBJC_IMPLEMENTATIONS = YES;
				CLANG_WARN_DIRECT_OBJC_ISA_USAGE = YES_ERROR;
				CLANG_WARN_DOCUMENTATION_COMMENTS = YES;
				CLANG_WARN_EMPTY_BODY = YES;
				CLANG_WARN_ENUM_CONVERSION = YES;
				CLANG_WARN_INFINITE_RECURSION = YES;
				CLANG_WARN_INT_CONVERSION = YES;
				CLANG_WARN_NON_LITERAL_NULL_CONVERSION = YES;
				CLANG_WARN_OBJC_IMPLICIT_RETAIN_SELF = YES;
				CLANG_WARN_OBJC_LITERAL_CONVERSION = YES;
				CLANG_WARN_OBJC_ROOT_CLASS = YES_ERROR;
				CLANG_WARN_RANGE_LOOP_ANALYSIS = YES;
				CLANG_WARN_STRICT_PROTOTYPES = YES;
				CLANG_WARN_SUSPICIOUS_MOVE = YES;
				CLANG_WARN_UNGUARDED_AVAILABILITY = YES_AGGRESSIVE;
				CLANG_WARN_UNREACHABLE_CODE = YES;
				CLANG_WARN__DUPLICATE_METHOD_MATCH = YES;
				CODE_SIGN_IDENTITY = "Mac Developer";
				COPY_PHASE_STRIP = NO;
				DEBUG_INFORMATION_FORMAT = "dwarf-with-dsym";
				ENABLE_NS_ASSERTIONS = NO;
				ENABLE_STRICT_OBJC_MSGSEND = YES;
				GCC_C_LANGUAGE_STANDARD = gnu11;
				GCC_NO_COMMON_BLOCKS = YES;
				GCC_WARN_64_TO_32_BIT_CONVERSION = YES;
				GCC_WARN_ABOUT_RETURN_TYPE = YES_ERROR;
				GCC_WARN_UNDECLARED_SELECTOR = YES;
				GCC_WARN_UNINITIALIZED_AUTOS = YES_AGGRESSIVE;
				GCC_WARN_UNUSED_FUNCTION = YES;
				GCC_WARN_UNUSED_VARIABLE = YES;
				MACOSX_DEPLOYMENT_TARGET = 10.14;
				MTL_ENABLE_DEBUG_INFO = NO;
				MTL_FAST_MATH = YES;
				SDKROOT = macosx;
				SWIFT_COMPILATION_MODE = wholemodule;
				SWIFT_OPTIMIZATION_LEVEL = "-O";
			};
			name = Release;
		};
		DCFE4E8B229F1710005C60A1 /* Debug */ = {
			isa = XCBuildConfiguration;
			baseConfigurationReference = 83A2FA03CB0AB0F3BE7AC1AC /* Pods-PodspecTest.debug.xcconfig */;
			buildSettings = {
				ASSETCATALOG_COMPILER_APPICON_NAME = AppIcon;
				CODE_SIGN_ENTITLEMENTS = PodspecTest/PodspecTest.entitlements;
				CODE_SIGN_STYLE = Automatic;
				COMBINE_HIDPI_IMAGES = YES;
				DEVELOPMENT_TEAM = VT5GYGYX83;
				INFOPLIST_FILE = PodspecTest/Info.plist;
				LD_RUNPATH_SEARCH_PATHS = (
					"$(inherited)",
					"@executable_path/../Frameworks",
				);
				PRODUCT_BUNDLE_IDENTIFIER = "com.4th-a.PodspecTest";
				PRODUCT_NAME = "$(TARGET_NAME)";
				SWIFT_VERSION = 5.0;
			};
			name = Debug;
		};
		DCFE4E8C229F1710005C60A1 /* Release */ = {
			isa = XCBuildConfiguration;
			baseConfigurationReference = B799ADE05E2F17C24093F3B4 /* Pods-PodspecTest.release.xcconfig */;
			buildSettings = {
				ASSETCATALOG_COMPILER_APPICON_NAME = AppIcon;
				CODE_SIGN_ENTITLEMENTS = PodspecTest/PodspecTest.entitlements;
				CODE_SIGN_STYLE = Automatic;
				COMBINE_HIDPI_IMAGES = YES;
				DEVELOPMENT_TEAM = VT5GYGYX83;
				INFOPLIST_FILE = PodspecTest/Info.plist;
				LD_RUNPATH_SEARCH_PATHS = (
					"$(inherited)",
					"@executable_path/../Frameworks",
				);
				PRODUCT_BUNDLE_IDENTIFIER = "com.4th-a.PodspecTest";
				PRODUCT_NAME = "$(TARGET_NAME)";
				SWIFT_VERSION = 5.0;
			};
			name = Release;
		};
/* End XCBuildConfiguration section */

/* Begin XCConfigurationList section */
		DCFE4E75229F170F005C60A1 /* Build configuration list for PBXProject "PodspecTest" */ = {
			isa = XCConfigurationList;
			buildConfigurations = (
				DCFE4E88229F1710005C60A1 /* Debug */,
				DCFE4E89229F1710005C60A1 /* Release */,
			);
			defaultConfigurationIsVisible = 0;
			defaultConfigurationName = Release;
		};
		DCFE4E8A229F1710005C60A1 /* Build configuration list for PBXNativeTarget "PodspecTest" */ = {
			isa = XCConfigurationList;
			buildConfigurations = (
				DCFE4E8B229F1710005C60A1 /* Debug */,
				DCFE4E8C229F1710005C60A1 /* Release */,
			);
			defaultConfigurationIsVisible = 0;
			defaultConfigurationName = Release;
		};
/* End XCConfigurationList section */
	};
	rootObject = DCFE4E72229F170F005C60A1 /* Project object */;
}
