// !$*UTF8*$!
{
	archiveVersion = 1;
	classes = {
	};
	objectVersion = 50;
	objects = {

/* Begin PBXBuildFile section */
		DC3AE27E227C7D3A006FC3DC /* ZDCOrderedDictionary.swift in Sources */ = {isa = PBXBuildFile; fileRef = DC3AE27D227C7D3A006FC3DC /* ZDCOrderedDictionary.swift */; };
		DC3AE27F227C7D3A006FC3DC /* ZDCOrderedDictionary.swift in Sources */ = {isa = PBXBuildFile; fileRef = DC3AE27D227C7D3A006FC3DC /* ZDCOrderedDictionary.swift */; };
		DC3AE280227C7D3A006FC3DC /* ZDCOrderedDictionary.swift in Sources */ = {isa = PBXBuildFile; fileRef = DC3AE27D227C7D3A006FC3DC /* ZDCOrderedDictionary.swift */; };
		DC3AE282227C9ADC006FC3DC /* test_ZDCOrderedDictionary.swift in Sources */ = {isa = PBXBuildFile; fileRef = DC3AE281227C9ADC006FC3DC /* test_ZDCOrderedDictionary.swift */; };
		DC9ACBCB2275DF2D0031FE3E /* ZDCOrderedSet.swift in Sources */ = {isa = PBXBuildFile; fileRef = DC9ACBCA2275DF2D0031FE3E /* ZDCOrderedSet.swift */; };
		DC9ACBCC2275DF2D0031FE3E /* ZDCOrderedSet.swift in Sources */ = {isa = PBXBuildFile; fileRef = DC9ACBCA2275DF2D0031FE3E /* ZDCOrderedSet.swift */; };
		DC9ACBCD2275DF2D0031FE3E /* ZDCOrderedSet.swift in Sources */ = {isa = PBXBuildFile; fileRef = DC9ACBCA2275DF2D0031FE3E /* ZDCOrderedSet.swift */; };
		DCA1B50E229C975F00AD8ACF /* ZDCSynable.swift in Sources */ = {isa = PBXBuildFile; fileRef = DCC6977C2251504900284C12 /* ZDCSynable.swift */; };
		DCA1B527229D67FE00AD8ACF /* ZDCSyncable.framework in Frameworks */ = {isa = PBXBuildFile; fileRef = DCC6979F2251531C00284C12 /* ZDCSyncable.framework */; };
		DCA1B52D229D685400AD8ACF /* SimpleRecord.swift in Sources */ = {isa = PBXBuildFile; fileRef = DCE62641225C00D5000D19E3 /* SimpleRecord.swift */; };
		DCA1B52E229D685800AD8ACF /* ComplexRecord.swift in Sources */ = {isa = PBXBuildFile; fileRef = DCFBC862229C61780033DE40 /* ComplexRecord.swift */; };
		DCA1B52F229D685E00AD8ACF /* test_ZDCOrder.swift in Sources */ = {isa = PBXBuildFile; fileRef = DCEA81982278946A00FBC86B /* test_ZDCOrder.swift */; };
		DCA1B530229D685E00AD8ACF /* test_ZDCOrderedSet.swift in Sources */ = {isa = PBXBuildFile; fileRef = DC9ACBCE22762A680031FE3E /* test_ZDCOrderedSet.swift */; };
		DCA1B531229D685E00AD8ACF /* test_ZDCSet.swift in Sources */ = {isa = PBXBuildFile; fileRef = DCE62638225A952D000D19E3 /* test_ZDCSet.swift */; };
		DCA1B532229D685E00AD8ACF /* test_ZDCRecord.swift in Sources */ = {isa = PBXBuildFile; fileRef = DCE6263E225BFF49000D19E3 /* test_ZDCRecord.swift */; };
		DCA1B533229D685E00AD8ACF /* test_ZDCDictionary.swift in Sources */ = {isa = PBXBuildFile; fileRef = DCEA81AC2279F05600FBC86B /* test_ZDCDictionary.swift */; };
		DCA1B534229D685E00AD8ACF /* test_ZDCOrderedDictionary.swift in Sources */ = {isa = PBXBuildFile; fileRef = DC3AE281227C9ADC006FC3DC /* test_ZDCOrderedDictionary.swift */; };
		DCA1B535229D685E00AD8ACF /* test_ZDCArray.swift in Sources */ = {isa = PBXBuildFile; fileRef = DCEC303122999C6E00BE7A79 /* test_ZDCArray.swift */; };
		DCA1B53F229D68D300AD8ACF /* ZDCSyncable.framework in Frameworks */ = {isa = PBXBuildFile; fileRef = DCC697B32251541800284C12 /* ZDCSyncable.framework */; };
		DCA1B545229D68F700AD8ACF /* SimpleRecord.swift in Sources */ = {isa = PBXBuildFile; fileRef = DCE62641225C00D5000D19E3 /* SimpleRecord.swift */; };
		DCA1B546229D68F700AD8ACF /* ComplexRecord.swift in Sources */ = {isa = PBXBuildFile; fileRef = DCFBC862229C61780033DE40 /* ComplexRecord.swift */; };
		DCA1B547229D68FD00AD8ACF /* test_ZDCOrder.swift in Sources */ = {isa = PBXBuildFile; fileRef = DCEA81982278946A00FBC86B /* test_ZDCOrder.swift */; };
		DCA1B548229D68FD00AD8ACF /* test_ZDCOrderedSet.swift in Sources */ = {isa = PBXBuildFile; fileRef = DC9ACBCE22762A680031FE3E /* test_ZDCOrderedSet.swift */; };
		DCA1B549229D68FD00AD8ACF /* test_ZDCSet.swift in Sources */ = {isa = PBXBuildFile; fileRef = DCE62638225A952D000D19E3 /* test_ZDCSet.swift */; };
		DCA1B54A229D68FD00AD8ACF /* test_ZDCRecord.swift in Sources */ = {isa = PBXBuildFile; fileRef = DCE6263E225BFF49000D19E3 /* test_ZDCRecord.swift */; };
		DCA1B54B229D68FD00AD8ACF /* test_ZDCDictionary.swift in Sources */ = {isa = PBXBuildFile; fileRef = DCEA81AC2279F05600FBC86B /* test_ZDCDictionary.swift */; };
		DCA1B54C229D68FD00AD8ACF /* test_ZDCOrderedDictionary.swift in Sources */ = {isa = PBXBuildFile; fileRef = DC3AE281227C9ADC006FC3DC /* test_ZDCOrderedDictionary.swift */; };
		DCA1B54D229D68FD00AD8ACF /* test_ZDCArray.swift in Sources */ = {isa = PBXBuildFile; fileRef = DCEC303122999C6E00BE7A79 /* test_ZDCArray.swift */; };
		DCBF10D6243E682B003806C5 /* ZDCSyncableProperty.swift in Sources */ = {isa = PBXBuildFile; fileRef = DCBF10D5243E682A003806C5 /* ZDCSyncableProperty.swift */; };
		DCBF10D8243E6A2A003806C5 /* SyncablePropertyWrapper.swift in Sources */ = {isa = PBXBuildFile; fileRef = DCBF10D7243E6A2A003806C5 /* SyncablePropertyWrapper.swift */; };
		DCBF10D9243E6AB8003806C5 /* SyncablePropertyWrapper.swift in Sources */ = {isa = PBXBuildFile; fileRef = DCBF10D7243E6A2A003806C5 /* SyncablePropertyWrapper.swift */; };
		DCBF10DA243E6AB9003806C5 /* SyncablePropertyWrapper.swift in Sources */ = {isa = PBXBuildFile; fileRef = DCBF10D7243E6A2A003806C5 /* SyncablePropertyWrapper.swift */; };
		DCBF10DB243E6ABC003806C5 /* ZDCSyncableProperty.swift in Sources */ = {isa = PBXBuildFile; fileRef = DCBF10D5243E682A003806C5 /* ZDCSyncableProperty.swift */; };
		DCBF10DC243E6ABD003806C5 /* ZDCSyncableProperty.swift in Sources */ = {isa = PBXBuildFile; fileRef = DCBF10D5243E682A003806C5 /* ZDCSyncableProperty.swift */; };
		DCC6976E22514F9300284C12 /* ZDCSyncable.h in Headers */ = {isa = PBXBuildFile; fileRef = DCC6976C22514F9300284C12 /* ZDCSyncable.h */; settings = {ATTRIBUTES = (Public, ); }; };
		DCC6977D2251504900284C12 /* ZDCSwiftWorkarounds.m in Sources */ = {isa = PBXBuildFile; fileRef = DCC697752251504900284C12 /* ZDCSwiftWorkarounds.m */; };
		DCC6977E2251504900284C12 /* ZDCSwiftWorkarounds.h in Headers */ = {isa = PBXBuildFile; fileRef = DCC697762251504900284C12 /* ZDCSwiftWorkarounds.h */; settings = {ATTRIBUTES = (Public, ); }; };
		DCC6977F2251504900284C12 /* ZDCObject.swift in Sources */ = {isa = PBXBuildFile; fileRef = DCC697772251504900284C12 /* ZDCObject.swift */; };
		DCC697802251504900284C12 /* ZDCRef.swift in Sources */ = {isa = PBXBuildFile; fileRef = DCC697792251504900284C12 /* ZDCRef.swift */; };
		DCC697812251504900284C12 /* ZDCNull.swift in Sources */ = {isa = PBXBuildFile; fileRef = DCC6977A2251504900284C12 /* ZDCNull.swift */; };
		DCC697822251504900284C12 /* ZDCSet.swift in Sources */ = {isa = PBXBuildFile; fileRef = DCC6977B2251504900284C12 /* ZDCSet.swift */; };
		DCC697A32251531D00284C12 /* ZDCSyncable.h in Headers */ = {isa = PBXBuildFile; fileRef = DCC697A12251531D00284C12 /* ZDCSyncable.h */; settings = {ATTRIBUTES = (Public, ); }; };
		DCC697A72251535300284C12 /* ZDCSynable.swift in Sources */ = {isa = PBXBuildFile; fileRef = DCC6977C2251504900284C12 /* ZDCSynable.swift */; };
		DCC697A82251535900284C12 /* ZDCObject.swift in Sources */ = {isa = PBXBuildFile; fileRef = DCC697772251504900284C12 /* ZDCObject.swift */; };
		DCC697A92251535C00284C12 /* ZDCSet.swift in Sources */ = {isa = PBXBuildFile; fileRef = DCC6977B2251504900284C12 /* ZDCSet.swift */; };
		DCC697AA2251536300284C12 /* ZDCRef.swift in Sources */ = {isa = PBXBuildFile; fileRef = DCC697792251504900284C12 /* ZDCRef.swift */; };
		DCC697AB2251536700284C12 /* ZDCNull.swift in Sources */ = {isa = PBXBuildFile; fileRef = DCC6977A2251504900284C12 /* ZDCNull.swift */; };
		DCC697AC2251536900284C12 /* ZDCSwiftWorkarounds.m in Sources */ = {isa = PBXBuildFile; fileRef = DCC697752251504900284C12 /* ZDCSwiftWorkarounds.m */; };
		DCC697AD2251536F00284C12 /* ZDCSwiftWorkarounds.h in Headers */ = {isa = PBXBuildFile; fileRef = DCC697762251504900284C12 /* ZDCSwiftWorkarounds.h */; settings = {ATTRIBUTES = (Public, ); }; };
		DCC697B72251541800284C12 /* ZDCSyncable.h in Headers */ = {isa = PBXBuildFile; fileRef = DCC697B52251541800284C12 /* ZDCSyncable.h */; settings = {ATTRIBUTES = (Public, ); }; };
		DCC697BB2251544200284C12 /* ZDCRef.swift in Sources */ = {isa = PBXBuildFile; fileRef = DCC697792251504900284C12 /* ZDCRef.swift */; };
		DCC697BC2251544500284C12 /* ZDCNull.swift in Sources */ = {isa = PBXBuildFile; fileRef = DCC6977A2251504900284C12 /* ZDCNull.swift */; };
		DCC697BD2251544800284C12 /* ZDCSwiftWorkarounds.h in Headers */ = {isa = PBXBuildFile; fileRef = DCC697762251504900284C12 /* ZDCSwiftWorkarounds.h */; settings = {ATTRIBUTES = (Public, ); }; };
		DCC697BE2251544D00284C12 /* ZDCSwiftWorkarounds.m in Sources */ = {isa = PBXBuildFile; fileRef = DCC697752251504900284C12 /* ZDCSwiftWorkarounds.m */; };
		DCC697BF2251545100284C12 /* ZDCSynable.swift in Sources */ = {isa = PBXBuildFile; fileRef = DCC6977C2251504900284C12 /* ZDCSynable.swift */; };
		DCC697C02251545400284C12 /* ZDCObject.swift in Sources */ = {isa = PBXBuildFile; fileRef = DCC697772251504900284C12 /* ZDCObject.swift */; };
		DCC697C12251545700284C12 /* ZDCSet.swift in Sources */ = {isa = PBXBuildFile; fileRef = DCC6977B2251504900284C12 /* ZDCSet.swift */; };
		DCE6260F225A8C0B000D19E3 /* ZDCSyncableError.swift in Sources */ = {isa = PBXBuildFile; fileRef = DCE6260E225A8C0B000D19E3 /* ZDCSyncableError.swift */; };
		DCE62610225A8C0B000D19E3 /* ZDCSyncableError.swift in Sources */ = {isa = PBXBuildFile; fileRef = DCE6260E225A8C0B000D19E3 /* ZDCSyncableError.swift */; };
		DCE62611225A8C0B000D19E3 /* ZDCSyncableError.swift in Sources */ = {isa = PBXBuildFile; fileRef = DCE6260E225A8C0B000D19E3 /* ZDCSyncableError.swift */; };
		DCE62619225A8F04000D19E3 /* AppDelegate.swift in Sources */ = {isa = PBXBuildFile; fileRef = DCE62618225A8F04000D19E3 /* AppDelegate.swift */; };
		DCE6261B225A8F04000D19E3 /* ViewController.swift in Sources */ = {isa = PBXBuildFile; fileRef = DCE6261A225A8F04000D19E3 /* ViewController.swift */; };
		DCE6261D225A8F0A000D19E3 /* Assets.xcassets in Resources */ = {isa = PBXBuildFile; fileRef = DCE6261C225A8F0A000D19E3 /* Assets.xcassets */; };
		DCE62620225A8F0A000D19E3 /* Main.storyboard in Resources */ = {isa = PBXBuildFile; fileRef = DCE6261E225A8F0A000D19E3 /* Main.storyboard */; };
		DCE62632225A9488000D19E3 /* ZDCSyncable.framework in Frameworks */ = {isa = PBXBuildFile; fileRef = DCC6976A22514F9300284C12 /* ZDCSyncable.framework */; };
		DCE6263B225BF1F4000D19E3 /* ZDCRecord.swift in Sources */ = {isa = PBXBuildFile; fileRef = DCE6263A225BF1F4000D19E3 /* ZDCRecord.swift */; };
		DCE6263C225BF1F4000D19E3 /* ZDCRecord.swift in Sources */ = {isa = PBXBuildFile; fileRef = DCE6263A225BF1F4000D19E3 /* ZDCRecord.swift */; };
		DCE6263D225BF1F4000D19E3 /* ZDCRecord.swift in Sources */ = {isa = PBXBuildFile; fileRef = DCE6263A225BF1F4000D19E3 /* ZDCRecord.swift */; };
		DCE62642225C00D5000D19E3 /* SimpleRecord.swift in Sources */ = {isa = PBXBuildFile; fileRef = DCE62641225C00D5000D19E3 /* SimpleRecord.swift */; };
		DCEA81952278858300FBC86B /* ZDCOrder.swift in Sources */ = {isa = PBXBuildFile; fileRef = DCEA81942278858300FBC86B /* ZDCOrder.swift */; };
		DCEA81962278858300FBC86B /* ZDCOrder.swift in Sources */ = {isa = PBXBuildFile; fileRef = DCEA81942278858300FBC86B /* ZDCOrder.swift */; };
		DCEA81972278858300FBC86B /* ZDCOrder.swift in Sources */ = {isa = PBXBuildFile; fileRef = DCEA81942278858300FBC86B /* ZDCOrder.swift */; };
		DCEA819D2279CDA700FBC86B /* ZDCDictionary.swift in Sources */ = {isa = PBXBuildFile; fileRef = DCEA819C2279CDA700FBC86B /* ZDCDictionary.swift */; };
		DCEA819E2279CDA700FBC86B /* ZDCDictionary.swift in Sources */ = {isa = PBXBuildFile; fileRef = DCEA819C2279CDA700FBC86B /* ZDCDictionary.swift */; };
		DCEA819F2279CDA700FBC86B /* ZDCDictionary.swift in Sources */ = {isa = PBXBuildFile; fileRef = DCEA819C2279CDA700FBC86B /* ZDCDictionary.swift */; };
		DCEA81AD2279F05600FBC86B /* test_ZDCDictionary.swift in Sources */ = {isa = PBXBuildFile; fileRef = DCEA81AC2279F05600FBC86B /* test_ZDCDictionary.swift */; };
		DCEA81AE2279F1D900FBC86B /* test_ZDCOrder.swift in Sources */ = {isa = PBXBuildFile; fileRef = DCEA81982278946A00FBC86B /* test_ZDCOrder.swift */; };
		DCEA81AF2279F1E400FBC86B /* test_ZDCOrderedSet.swift in Sources */ = {isa = PBXBuildFile; fileRef = DC9ACBCE22762A680031FE3E /* test_ZDCOrderedSet.swift */; };
		DCEA81B02279F1E800FBC86B /* test_ZDCSet.swift in Sources */ = {isa = PBXBuildFile; fileRef = DCE62638225A952D000D19E3 /* test_ZDCSet.swift */; };
		DCEA81B12279F1EB00FBC86B /* test_ZDCRecord.swift in Sources */ = {isa = PBXBuildFile; fileRef = DCE6263E225BFF49000D19E3 /* test_ZDCRecord.swift */; };
		DCEC302E22997D4D00BE7A79 /* ZDCArray.swift in Sources */ = {isa = PBXBuildFile; fileRef = DCEC302D22997D4D00BE7A79 /* ZDCArray.swift */; };
		DCEC302F22997D4D00BE7A79 /* ZDCArray.swift in Sources */ = {isa = PBXBuildFile; fileRef = DCEC302D22997D4D00BE7A79 /* ZDCArray.swift */; };
		DCEC303022997D4D00BE7A79 /* ZDCArray.swift in Sources */ = {isa = PBXBuildFile; fileRef = DCEC302D22997D4D00BE7A79 /* ZDCArray.swift */; };
		DCEC303222999C6E00BE7A79 /* test_ZDCArray.swift in Sources */ = {isa = PBXBuildFile; fileRef = DCEC303122999C6E00BE7A79 /* test_ZDCArray.swift */; };
		DCFBC866229C66B30033DE40 /* ComplexRecord.swift in Sources */ = {isa = PBXBuildFile; fileRef = DCFBC862229C61780033DE40 /* ComplexRecord.swift */; };
/* End PBXBuildFile section */

/* Begin PBXContainerItemProxy section */
		DCA1B528229D67FE00AD8ACF /* PBXContainerItemProxy */ = {
			isa = PBXContainerItemProxy;
			containerPortal = DCBCC446225019F40085B27F /* Project object */;
			proxyType = 1;
			remoteGlobalIDString = DCC6979E2251531C00284C12;
			remoteInfo = ZDCSyncable_Swift_iOS;
		};
		DCA1B540229D68D300AD8ACF /* PBXContainerItemProxy */ = {
			isa = PBXContainerItemProxy;
			containerPortal = DCBCC446225019F40085B27F /* Project object */;
			proxyType = 1;
			remoteGlobalIDString = DCC697B22251541800284C12;
			remoteInfo = ZDCSyncable_Swift_tvOS;
		};
		DCE62626225A8F1C000D19E3 /* PBXContainerItemProxy */ = {
			isa = PBXContainerItemProxy;
			containerPortal = DCBCC446225019F40085B27F /* Project object */;
			proxyType = 1;
			remoteGlobalIDString = DCC6976922514F9300284C12;
			remoteInfo = ZDCSyncable_Swift_macOS;
		};
		DCE62633225A9488000D19E3 /* PBXContainerItemProxy */ = {
			isa = PBXContainerItemProxy;
			containerPortal = DCBCC446225019F40085B27F /* Project object */;
			proxyType = 1;
			remoteGlobalIDString = DCC6976922514F9300284C12;
			remoteInfo = ZDCSyncable_Swift_macOS;
		};
/* End PBXContainerItemProxy section */

/* Begin PBXFileReference section */
		DC3AE27D227C7D3A006FC3DC /* ZDCOrderedDictionary.swift */ = {isa = PBXFileReference; lastKnownFileType = sourcecode.swift; path = ZDCOrderedDictionary.swift; sourceTree = "<group>"; };
		DC3AE281227C9ADC006FC3DC /* test_ZDCOrderedDictionary.swift */ = {isa = PBXFileReference; lastKnownFileType = sourcecode.swift; path = test_ZDCOrderedDictionary.swift; sourceTree = "<group>"; };
		DC9ACBCA2275DF2D0031FE3E /* ZDCOrderedSet.swift */ = {isa = PBXFileReference; lastKnownFileType = sourcecode.swift; path = ZDCOrderedSet.swift; sourceTree = "<group>"; };
		DC9ACBCE22762A680031FE3E /* test_ZDCOrderedSet.swift */ = {isa = PBXFileReference; lastKnownFileType = sourcecode.swift; path = test_ZDCOrderedSet.swift; sourceTree = "<group>"; };
		DCA1B522229D67FE00AD8ACF /* UnitTests_iOS.xctest */ = {isa = PBXFileReference; explicitFileType = wrapper.cfbundle; includeInIndex = 0; path = UnitTests_iOS.xctest; sourceTree = BUILT_PRODUCTS_DIR; };
		DCA1B526229D67FE00AD8ACF /* Info.plist */ = {isa = PBXFileReference; lastKnownFileType = text.plist.xml; path = Info.plist; sourceTree = "<group>"; };
		DCA1B53A229D68D300AD8ACF /* UnitTests_tvOS.xctest */ = {isa = PBXFileReference; explicitFileType = wrapper.cfbundle; includeInIndex = 0; path = UnitTests_tvOS.xctest; sourceTree = BUILT_PRODUCTS_DIR; };
		DCA1B53E229D68D300AD8ACF /* Info.plist */ = {isa = PBXFileReference; lastKnownFileType = text.plist.xml; path = Info.plist; sourceTree = "<group>"; };
		DCBF10D5243E682A003806C5 /* ZDCSyncableProperty.swift */ = {isa = PBXFileReference; fileEncoding = 4; lastKnownFileType = sourcecode.swift; path = ZDCSyncableProperty.swift; sourceTree = "<group>"; };
		DCBF10D7243E6A2A003806C5 /* SyncablePropertyWrapper.swift */ = {isa = PBXFileReference; fileEncoding = 4; lastKnownFileType = sourcecode.swift; path = SyncablePropertyWrapper.swift; sourceTree = "<group>"; };
		DCC6976A22514F9300284C12 /* ZDCSyncable.framework */ = {isa = PBXFileReference; explicitFileType = wrapper.framework; includeInIndex = 0; path = ZDCSyncable.framework; sourceTree = BUILT_PRODUCTS_DIR; };
		DCC6976C22514F9300284C12 /* ZDCSyncable.h */ = {isa = PBXFileReference; lastKnownFileType = sourcecode.c.h; path = ZDCSyncable.h; sourceTree = "<group>"; };
		DCC6976D22514F9300284C12 /* Info.plist */ = {isa = PBXFileReference; lastKnownFileType = text.plist.xml; path = Info.plist; sourceTree = "<group>"; };
		DCC697752251504900284C12 /* ZDCSwiftWorkarounds.m */ = {isa = PBXFileReference; fileEncoding = 4; lastKnownFileType = sourcecode.c.objc; path = ZDCSwiftWorkarounds.m; sourceTree = "<group>"; };
		DCC697762251504900284C12 /* ZDCSwiftWorkarounds.h */ = {isa = PBXFileReference; fileEncoding = 4; lastKnownFileType = sourcecode.c.h; path = ZDCSwiftWorkarounds.h; sourceTree = "<group>"; };
		DCC697772251504900284C12 /* ZDCObject.swift */ = {isa = PBXFileReference; fileEncoding = 4; lastKnownFileType = sourcecode.swift; path = ZDCObject.swift; sourceTree = "<group>"; };
		DCC697792251504900284C12 /* ZDCRef.swift */ = {isa = PBXFileReference; fileEncoding = 4; lastKnownFileType = sourcecode.swift; path = ZDCRef.swift; sourceTree = "<group>"; };
		DCC6977A2251504900284C12 /* ZDCNull.swift */ = {isa = PBXFileReference; fileEncoding = 4; lastKnownFileType = sourcecode.swift; path = ZDCNull.swift; sourceTree = "<group>"; };
		DCC6977B2251504900284C12 /* ZDCSet.swift */ = {isa = PBXFileReference; fileEncoding = 4; lastKnownFileType = sourcecode.swift; path = ZDCSet.swift; sourceTree = "<group>"; };
		DCC6977C2251504900284C12 /* ZDCSynable.swift */ = {isa = PBXFileReference; fileEncoding = 4; lastKnownFileType = sourcecode.swift; path = ZDCSynable.swift; sourceTree = "<group>"; };
		DCC6979F2251531C00284C12 /* ZDCSyncable.framework */ = {isa = PBXFileReference; explicitFileType = wrapper.framework; includeInIndex = 0; path = ZDCSyncable.framework; sourceTree = BUILT_PRODUCTS_DIR; };
		DCC697A12251531D00284C12 /* ZDCSyncable.h */ = {isa = PBXFileReference; lastKnownFileType = sourcecode.c.h; path = ZDCSyncable.h; sourceTree = "<group>"; };
		DCC697A22251531D00284C12 /* Info.plist */ = {isa = PBXFileReference; lastKnownFileType = text.plist.xml; path = Info.plist; sourceTree = "<group>"; };
		DCC697B32251541800284C12 /* ZDCSyncable.framework */ = {isa = PBXFileReference; explicitFileType = wrapper.framework; includeInIndex = 0; path = ZDCSyncable.framework; sourceTree = BUILT_PRODUCTS_DIR; };
		DCC697B52251541800284C12 /* ZDCSyncable.h */ = {isa = PBXFileReference; lastKnownFileType = sourcecode.c.h; path = ZDCSyncable.h; sourceTree = "<group>"; };
		DCC697B62251541800284C12 /* Info.plist */ = {isa = PBXFileReference; lastKnownFileType = text.plist.xml; path = Info.plist; sourceTree = "<group>"; };
		DCE6260E225A8C0B000D19E3 /* ZDCSyncableError.swift */ = {isa = PBXFileReference; lastKnownFileType = sourcecode.swift; path = ZDCSyncableError.swift; sourceTree = "<group>"; };
		DCE62616225A8F04000D19E3 /* Demo_macOS.app */ = {isa = PBXFileReference; explicitFileType = wrapper.application; includeInIndex = 0; path = Demo_macOS.app; sourceTree = BUILT_PRODUCTS_DIR; };
		DCE62618225A8F04000D19E3 /* AppDelegate.swift */ = {isa = PBXFileReference; lastKnownFileType = sourcecode.swift; path = AppDelegate.swift; sourceTree = "<group>"; };
		DCE6261A225A8F04000D19E3 /* ViewController.swift */ = {isa = PBXFileReference; lastKnownFileType = sourcecode.swift; path = ViewController.swift; sourceTree = "<group>"; };
		DCE6261C225A8F0A000D19E3 /* Assets.xcassets */ = {isa = PBXFileReference; lastKnownFileType = folder.assetcatalog; path = Assets.xcassets; sourceTree = "<group>"; };
		DCE6261F225A8F0A000D19E3 /* Base */ = {isa = PBXFileReference; lastKnownFileType = file.storyboard; name = Base; path = Base.lproj/Main.storyboard; sourceTree = "<group>"; };
		DCE62621225A8F0A000D19E3 /* Info.plist */ = {isa = PBXFileReference; lastKnownFileType = text.plist.xml; path = Info.plist; sourceTree = "<group>"; };
		DCE62622225A8F0B000D19E3 /* Demo_macOS.entitlements */ = {isa = PBXFileReference; lastKnownFileType = text.plist.entitlements; path = Demo_macOS.entitlements; sourceTree = "<group>"; };
		DCE6262D225A9488000D19E3 /* UnitTests_macOS.xctest */ = {isa = PBXFileReference; explicitFileType = wrapper.cfbundle; includeInIndex = 0; path = UnitTests_macOS.xctest; sourceTree = BUILT_PRODUCTS_DIR; };
		DCE62631225A9488000D19E3 /* Info.plist */ = {isa = PBXFileReference; lastKnownFileType = text.plist.xml; path = Info.plist; sourceTree = "<group>"; };
		DCE62638225A952D000D19E3 /* test_ZDCSet.swift */ = {isa = PBXFileReference; lastKnownFileType = sourcecode.swift; path = test_ZDCSet.swift; sourceTree = "<group>"; };
		DCE6263A225BF1F4000D19E3 /* ZDCRecord.swift */ = {isa = PBXFileReference; lastKnownFileType = sourcecode.swift; path = ZDCRecord.swift; sourceTree = "<group>"; };
		DCE6263E225BFF49000D19E3 /* test_ZDCRecord.swift */ = {isa = PBXFileReference; lastKnownFileType = sourcecode.swift; path = test_ZDCRecord.swift; sourceTree = "<group>"; };
		DCE62641225C00D5000D19E3 /* SimpleRecord.swift */ = {isa = PBXFileReference; lastKnownFileType = sourcecode.swift; path = SimpleRecord.swift; sourceTree = "<group>"; };
		DCEA81942278858300FBC86B /* ZDCOrder.swift */ = {isa = PBXFileReference; lastKnownFileType = sourcecode.swift; path = ZDCOrder.swift; sourceTree = "<group>"; };
		DCEA81982278946A00FBC86B /* test_ZDCOrder.swift */ = {isa = PBXFileReference; lastKnownFileType = sourcecode.swift; path = test_ZDCOrder.swift; sourceTree = "<group>"; };
		DCEA819C2279CDA700FBC86B /* ZDCDictionary.swift */ = {isa = PBXFileReference; lastKnownFileType = sourcecode.swift; path = ZDCDictionary.swift; sourceTree = "<group>"; };
		DCEA81AC2279F05600FBC86B /* test_ZDCDictionary.swift */ = {isa = PBXFileReference; lastKnownFileType = sourcecode.swift; path = test_ZDCDictionary.swift; sourceTree = "<group>"; };
		DCEC302D22997D4D00BE7A79 /* ZDCArray.swift */ = {isa = PBXFileReference; lastKnownFileType = sourcecode.swift; path = ZDCArray.swift; sourceTree = "<group>"; };
		DCEC303122999C6E00BE7A79 /* test_ZDCArray.swift */ = {isa = PBXFileReference; lastKnownFileType = sourcecode.swift; path = test_ZDCArray.swift; sourceTree = "<group>"; };
		DCFBC862229C61780033DE40 /* ComplexRecord.swift */ = {isa = PBXFileReference; lastKnownFileType = sourcecode.swift; path = ComplexRecord.swift; sourceTree = "<group>"; };
/* End PBXFileReference section */

/* Begin PBXFrameworksBuildPhase section */
		DCA1B51F229D67FE00AD8ACF /* Frameworks */ = {
			isa = PBXFrameworksBuildPhase;
			buildActionMask = 2147483647;
			files = (
				DCA1B527229D67FE00AD8ACF /* ZDCSyncable.framework in Frameworks */,
			);
			runOnlyForDeploymentPostprocessing = 0;
		};
		DCA1B537229D68D300AD8ACF /* Frameworks */ = {
			isa = PBXFrameworksBuildPhase;
			buildActionMask = 2147483647;
			files = (
				DCA1B53F229D68D300AD8ACF /* ZDCSyncable.framework in Frameworks */,
			);
			runOnlyForDeploymentPostprocessing = 0;
		};
		DCC6976722514F9300284C12 /* Frameworks */ = {
			isa = PBXFrameworksBuildPhase;
			buildActionMask = 2147483647;
			files = (
			);
			runOnlyForDeploymentPostprocessing = 0;
		};
		DCC6979C2251531C00284C12 /* Frameworks */ = {
			isa = PBXFrameworksBuildPhase;
			buildActionMask = 2147483647;
			files = (
			);
			runOnlyForDeploymentPostprocessing = 0;
		};
		DCC697B02251541800284C12 /* Frameworks */ = {
			isa = PBXFrameworksBuildPhase;
			buildActionMask = 2147483647;
			files = (
			);
			runOnlyForDeploymentPostprocessing = 0;
		};
		DCE62613225A8F04000D19E3 /* Frameworks */ = {
			isa = PBXFrameworksBuildPhase;
			buildActionMask = 2147483647;
			files = (
			);
			runOnlyForDeploymentPostprocessing = 0;
		};
		DCE6262A225A9488000D19E3 /* Frameworks */ = {
			isa = PBXFrameworksBuildPhase;
			buildActionMask = 2147483647;
			files = (
				DCE62632225A9488000D19E3 /* ZDCSyncable.framework in Frameworks */,
			);
			runOnlyForDeploymentPostprocessing = 0;
		};
/* End PBXFrameworksBuildPhase section */

/* Begin PBXGroup section */
		DC20AC6922515A8900678A20 /* UnitTests */ = {
			isa = PBXGroup;
			children = (
				DCE62640225C00B9000D19E3 /* Models */,
				DCEA81982278946A00FBC86B /* test_ZDCOrder.swift */,
				DC9ACBCE22762A680031FE3E /* test_ZDCOrderedSet.swift */,
				DCE62638225A952D000D19E3 /* test_ZDCSet.swift */,
				DCE6263E225BFF49000D19E3 /* test_ZDCRecord.swift */,
				DCEA81AC2279F05600FBC86B /* test_ZDCDictionary.swift */,
				DC3AE281227C9ADC006FC3DC /* test_ZDCOrderedDictionary.swift */,
				DCEC303122999C6E00BE7A79 /* test_ZDCArray.swift */,
			);
			path = UnitTests;
			sourceTree = "<group>";
		};
		DCA1B523229D67FE00AD8ACF /* UnitTests_iOS */ = {
			isa = PBXGroup;
			children = (
				DCA1B526229D67FE00AD8ACF /* Info.plist */,
			);
			path = UnitTests_iOS;
			sourceTree = "<group>";
		};
		DCA1B53B229D68D300AD8ACF /* UnitTests_tvOS */ = {
			isa = PBXGroup;
			children = (
				DCA1B53E229D68D300AD8ACF /* Info.plist */,
			);
			path = UnitTests_tvOS;
			sourceTree = "<group>";
		};
		DCBCC445225019F40085B27F = {
			isa = PBXGroup;
			children = (
				DCC6977222514FA900284C12 /* ZDCSyncable */,
				DCC697A02251531D00284C12 /* ZDCSyncable_iOS */,
				DCC6976B22514F9300284C12 /* ZDCSyncable_macOS */,
				DCC697B42251541800284C12 /* ZDCSyncable_tvOS */,
				DC20AC6922515A8900678A20 /* UnitTests */,
				DCA1B523229D67FE00AD8ACF /* UnitTests_iOS */,
				DCE6262E225A9488000D19E3 /* UnitTests_macOS */,
				DCA1B53B229D68D300AD8ACF /* UnitTests_tvOS */,
				DCE62617225A8F04000D19E3 /* Demo_macOS */,
				DCBCC450225019F40085B27F /* Products */,
			);
			sourceTree = "<group>";
		};
		DCBCC450225019F40085B27F /* Products */ = {
			isa = PBXGroup;
			children = (
				DCC6976A22514F9300284C12 /* ZDCSyncable.framework */,
				DCC6979F2251531C00284C12 /* ZDCSyncable.framework */,
				DCC697B32251541800284C12 /* ZDCSyncable.framework */,
				DCE62616225A8F04000D19E3 /* Demo_macOS.app */,
				DCE6262D225A9488000D19E3 /* UnitTests_macOS.xctest */,
				DCA1B522229D67FE00AD8ACF /* UnitTests_iOS.xctest */,
				DCA1B53A229D68D300AD8ACF /* UnitTests_tvOS.xctest */,
			);
			name = Products;
			sourceTree = "<group>";
		};
		DCC6976B22514F9300284C12 /* ZDCSyncable_macOS */ = {
			isa = PBXGroup;
			children = (
				DCC6976C22514F9300284C12 /* ZDCSyncable.h */,
				DCC6976D22514F9300284C12 /* Info.plist */,
			);
			path = ZDCSyncable_macOS;
			sourceTree = "<group>";
		};
		DCC6977222514FA900284C12 /* ZDCSyncable */ = {
			isa = PBXGroup;
			children = (
				DCBF10D7243E6A2A003806C5 /* SyncablePropertyWrapper.swift */,
				DCC697782251504900284C12 /* Internal */,
				DCC697742251504900284C12 /* Utilities */,
				DCC6977C2251504900284C12 /* ZDCSynable.swift */,
				DCE6260E225A8C0B000D19E3 /* ZDCSyncableError.swift */,
				DCC697772251504900284C12 /* ZDCObject.swift */,
				DCE6263A225BF1F4000D19E3 /* ZDCRecord.swift */,
				DCEA819C2279CDA700FBC86B /* ZDCDictionary.swift */,
				DC3AE27D227C7D3A006FC3DC /* ZDCOrderedDictionary.swift */,
				DCC6977B2251504900284C12 /* ZDCSet.swift */,
				DC9ACBCA2275DF2D0031FE3E /* ZDCOrderedSet.swift */,
				DCEC302D22997D4D00BE7A79 /* ZDCArray.swift */,
			);
			path = ZDCSyncable;
			sourceTree = "<group>";
		};
		DCC697742251504900284C12 /* Utilities */ = {
			isa = PBXGroup;
			children = (
				DCC697762251504900284C12 /* ZDCSwiftWorkarounds.h */,
				DCC697752251504900284C12 /* ZDCSwiftWorkarounds.m */,
				DCEA81942278858300FBC86B /* ZDCOrder.swift */,
			);
			path = Utilities;
			sourceTree = "<group>";
		};
		DCC697782251504900284C12 /* Internal */ = {
			isa = PBXGroup;
			children = (
				DCBF10D5243E682A003806C5 /* ZDCSyncableProperty.swift */,
				DCC697792251504900284C12 /* ZDCRef.swift */,
				DCC6977A2251504900284C12 /* ZDCNull.swift */,
			);
			path = Internal;
			sourceTree = "<group>";
		};
		DCC697A02251531D00284C12 /* ZDCSyncable_iOS */ = {
			isa = PBXGroup;
			children = (
				DCC697A12251531D00284C12 /* ZDCSyncable.h */,
				DCC697A22251531D00284C12 /* Info.plist */,
			);
			path = ZDCSyncable_iOS;
			sourceTree = "<group>";
		};
		DCC697B42251541800284C12 /* ZDCSyncable_tvOS */ = {
			isa = PBXGroup;
			children = (
				DCC697B52251541800284C12 /* ZDCSyncable.h */,
				DCC697B62251541800284C12 /* Info.plist */,
			);
			path = ZDCSyncable_tvOS;
			sourceTree = "<group>";
		};
		DCE62617225A8F04000D19E3 /* Demo_macOS */ = {
			isa = PBXGroup;
			children = (
				DCE62618225A8F04000D19E3 /* AppDelegate.swift */,
				DCE6261A225A8F04000D19E3 /* ViewController.swift */,
				DCE6261C225A8F0A000D19E3 /* Assets.xcassets */,
				DCE6261E225A8F0A000D19E3 /* Main.storyboard */,
				DCE62621225A8F0A000D19E3 /* Info.plist */,
				DCE62622225A8F0B000D19E3 /* Demo_macOS.entitlements */,
			);
			path = Demo_macOS;
			sourceTree = "<group>";
		};
		DCE6262E225A9488000D19E3 /* UnitTests_macOS */ = {
			isa = PBXGroup;
			children = (
				DCE62631225A9488000D19E3 /* Info.plist */,
			);
			path = UnitTests_macOS;
			sourceTree = "<group>";
		};
		DCE62640225C00B9000D19E3 /* Models */ = {
			isa = PBXGroup;
			children = (
				DCE62641225C00D5000D19E3 /* SimpleRecord.swift */,
				DCFBC862229C61780033DE40 /* ComplexRecord.swift */,
			);
			path = Models;
			sourceTree = "<group>";
		};
/* End PBXGroup section */

/* Begin PBXHeadersBuildPhase section */
		DCC6976522514F9300284C12 /* Headers */ = {
			isa = PBXHeadersBuildPhase;
			buildActionMask = 2147483647;
			files = (
				DCC6977E2251504900284C12 /* ZDCSwiftWorkarounds.h in Headers */,
				DCC6976E22514F9300284C12 /* ZDCSyncable.h in Headers */,
			);
			runOnlyForDeploymentPostprocessing = 0;
		};
		DCC6979A2251531C00284C12 /* Headers */ = {
			isa = PBXHeadersBuildPhase;
			buildActionMask = 2147483647;
			files = (
				DCC697AD2251536F00284C12 /* ZDCSwiftWorkarounds.h in Headers */,
				DCC697A32251531D00284C12 /* ZDCSyncable.h in Headers */,
			);
			runOnlyForDeploymentPostprocessing = 0;
		};
		DCC697AE2251541800284C12 /* Headers */ = {
			isa = PBXHeadersBuildPhase;
			buildActionMask = 2147483647;
			files = (
				DCC697BD2251544800284C12 /* ZDCSwiftWorkarounds.h in Headers */,
				DCC697B72251541800284C12 /* ZDCSyncable.h in Headers */,
			);
			runOnlyForDeploymentPostprocessing = 0;
		};
/* End PBXHeadersBuildPhase section */

/* Begin PBXNativeTarget section */
		DCA1B521229D67FE00AD8ACF /* UnitTests_iOS */ = {
			isa = PBXNativeTarget;
			buildConfigurationList = DCA1B52A229D67FE00AD8ACF /* Build configuration list for PBXNativeTarget "UnitTests_iOS" */;
			buildPhases = (
				DCA1B51E229D67FE00AD8ACF /* Sources */,
				DCA1B51F229D67FE00AD8ACF /* Frameworks */,
				DCA1B520229D67FE00AD8ACF /* Resources */,
			);
			buildRules = (
			);
			dependencies = (
				DCA1B529229D67FE00AD8ACF /* PBXTargetDependency */,
			);
			name = UnitTests_iOS;
			productName = UnitTests_Swift_iOS;
			productReference = DCA1B522229D67FE00AD8ACF /* UnitTests_iOS.xctest */;
			productType = "com.apple.product-type.bundle.unit-test";
		};
		DCA1B539229D68D300AD8ACF /* UnitTests_tvOS */ = {
			isa = PBXNativeTarget;
			buildConfigurationList = DCA1B542229D68D300AD8ACF /* Build configuration list for PBXNativeTarget "UnitTests_tvOS" */;
			buildPhases = (
				DCA1B536229D68D300AD8ACF /* Sources */,
				DCA1B537229D68D300AD8ACF /* Frameworks */,
				DCA1B538229D68D300AD8ACF /* Resources */,
			);
			buildRules = (
			);
			dependencies = (
				DCA1B541229D68D300AD8ACF /* PBXTargetDependency */,
			);
			name = UnitTests_tvOS;
			productName = UnitTests_Swift_tvOS;
			productReference = DCA1B53A229D68D300AD8ACF /* UnitTests_tvOS.xctest */;
			productType = "com.apple.product-type.bundle.unit-test";
		};
		DCC6976922514F9300284C12 /* ZDCSyncable_macOS */ = {
			isa = PBXNativeTarget;
			buildConfigurationList = DCC6976F22514F9300284C12 /* Build configuration list for PBXNativeTarget "ZDCSyncable_macOS" */;
			buildPhases = (
				DCC6976522514F9300284C12 /* Headers */,
				DCC6976622514F9300284C12 /* Sources */,
				DCC6976722514F9300284C12 /* Frameworks */,
				DCC6976822514F9300284C12 /* Resources */,
			);
			buildRules = (
			);
			dependencies = (
			);
			name = ZDCSyncable_macOS;
			productName = ZDCSyncable_Swift_macOS;
			productReference = DCC6976A22514F9300284C12 /* ZDCSyncable.framework */;
			productType = "com.apple.product-type.framework";
		};
		DCC6979E2251531C00284C12 /* ZDCSyncable_iOS */ = {
			isa = PBXNativeTarget;
			buildConfigurationList = DCC697A42251531D00284C12 /* Build configuration list for PBXNativeTarget "ZDCSyncable_iOS" */;
			buildPhases = (
				DCC6979A2251531C00284C12 /* Headers */,
				DCC6979B2251531C00284C12 /* Sources */,
				DCC6979C2251531C00284C12 /* Frameworks */,
				DCC6979D2251531C00284C12 /* Resources */,
			);
			buildRules = (
			);
			dependencies = (
			);
			name = ZDCSyncable_iOS;
			productName = ZDCSyncable_Swift_iOS;
			productReference = DCC6979F2251531C00284C12 /* ZDCSyncable.framework */;
			productType = "com.apple.product-type.framework";
		};
		DCC697B22251541800284C12 /* ZDCSyncable_tvOS */ = {
			isa = PBXNativeTarget;
			buildConfigurationList = DCC697B82251541800284C12 /* Build configuration list for PBXNativeTarget "ZDCSyncable_tvOS" */;
			buildPhases = (
				DCC697AE2251541800284C12 /* Headers */,
				DCC697AF2251541800284C12 /* Sources */,
				DCC697B02251541800284C12 /* Frameworks */,
				DCC697B12251541800284C12 /* Resources */,
			);
			buildRules = (
			);
			dependencies = (
			);
			name = ZDCSyncable_tvOS;
			productName = ZDCSyncable_Swift_tvOS;
			productReference = DCC697B32251541800284C12 /* ZDCSyncable.framework */;
			productType = "com.apple.product-type.framework";
		};
		DCE62615225A8F04000D19E3 /* Demo_macOS */ = {
			isa = PBXNativeTarget;
			buildConfigurationList = DCE62623225A8F0B000D19E3 /* Build configuration list for PBXNativeTarget "Demo_macOS" */;
			buildPhases = (
				DCE62612225A8F04000D19E3 /* Sources */,
				DCE62613225A8F04000D19E3 /* Frameworks */,
				DCE62614225A8F04000D19E3 /* Resources */,
			);
			buildRules = (
			);
			dependencies = (
				DCE62627225A8F1C000D19E3 /* PBXTargetDependency */,
			);
			name = Demo_macOS;
			productName = Demo_Swift_macOS;
			productReference = DCE62616225A8F04000D19E3 /* Demo_macOS.app */;
			productType = "com.apple.product-type.application";
		};
		DCE6262C225A9488000D19E3 /* UnitTests_macOS */ = {
			isa = PBXNativeTarget;
			buildConfigurationList = DCE62635225A9488000D19E3 /* Build configuration list for PBXNativeTarget "UnitTests_macOS" */;
			buildPhases = (
				DCE62629225A9488000D19E3 /* Sources */,
				DCE6262A225A9488000D19E3 /* Frameworks */,
				DCE6262B225A9488000D19E3 /* Resources */,
			);
			buildRules = (
			);
			dependencies = (
				DCE62634225A9488000D19E3 /* PBXTargetDependency */,
			);
			name = UnitTests_macOS;
			productName = UnitTests_Swift_macOS;
			productReference = DCE6262D225A9488000D19E3 /* UnitTests_macOS.xctest */;
			productType = "com.apple.product-type.bundle.unit-test";
		};
/* End PBXNativeTarget section */

/* Begin PBXProject section */
		DCBCC446225019F40085B27F /* Project object */ = {
			isa = PBXProject;
			attributes = {
				LastSwiftUpdateCheck = 1020;
				LastUpgradeCheck = 1020;
				ORGANIZATIONNAME = "4th-A Technologies";
				TargetAttributes = {
					DCA1B521229D67FE00AD8ACF = {
						CreatedOnToolsVersion = 10.2.1;
					};
					DCA1B539229D68D300AD8ACF = {
						CreatedOnToolsVersion = 10.2.1;
					};
					DCC6976922514F9300284C12 = {
						CreatedOnToolsVersion = 10.2;
						LastSwiftMigration = 1020;
					};
					DCC6979E2251531C00284C12 = {
						CreatedOnToolsVersion = 10.2;
					};
					DCC697B22251541800284C12 = {
						CreatedOnToolsVersion = 10.2;
					};
					DCE62615225A8F04000D19E3 = {
						CreatedOnToolsVersion = 10.2;
					};
					DCE6262C225A9488000D19E3 = {
						CreatedOnToolsVersion = 10.2;
					};
				};
			};
			buildConfigurationList = DCBCC449225019F40085B27F /* Build configuration list for PBXProject "ZDCSyncable" */;
			compatibilityVersion = "Xcode 9.3";
			developmentRegion = en;
			hasScannedForEncodings = 0;
			knownRegions = (
				en,
				Base,
			);
			mainGroup = DCBCC445225019F40085B27F;
			productRefGroup = DCBCC450225019F40085B27F /* Products */;
			projectDirPath = "";
			projectRoot = "";
			targets = (
				DCC6979E2251531C00284C12 /* ZDCSyncable_iOS */,
				DCC6976922514F9300284C12 /* ZDCSyncable_macOS */,
				DCC697B22251541800284C12 /* ZDCSyncable_tvOS */,
				DCA1B521229D67FE00AD8ACF /* UnitTests_iOS */,
				DCE6262C225A9488000D19E3 /* UnitTests_macOS */,
				DCA1B539229D68D300AD8ACF /* UnitTests_tvOS */,
				DCE62615225A8F04000D19E3 /* Demo_macOS */,
			);
		};
/* End PBXProject section */

/* Begin PBXResourcesBuildPhase section */
		DCA1B520229D67FE00AD8ACF /* Resources */ = {
			isa = PBXResourcesBuildPhase;
			buildActionMask = 2147483647;
			files = (
			);
			runOnlyForDeploymentPostprocessing = 0;
		};
		DCA1B538229D68D300AD8ACF /* Resources */ = {
			isa = PBXResourcesBuildPhase;
			buildActionMask = 2147483647;
			files = (
			);
			runOnlyForDeploymentPostprocessing = 0;
		};
		DCC6976822514F9300284C12 /* Resources */ = {
			isa = PBXResourcesBuildPhase;
			buildActionMask = 2147483647;
			files = (
			);
			runOnlyForDeploymentPostprocessing = 0;
		};
		DCC6979D2251531C00284C12 /* Resources */ = {
			isa = PBXResourcesBuildPhase;
			buildActionMask = 2147483647;
			files = (
			);
			runOnlyForDeploymentPostprocessing = 0;
		};
		DCC697B12251541800284C12 /* Resources */ = {
			isa = PBXResourcesBuildPhase;
			buildActionMask = 2147483647;
			files = (
			);
			runOnlyForDeploymentPostprocessing = 0;
		};
		DCE62614225A8F04000D19E3 /* Resources */ = {
			isa = PBXResourcesBuildPhase;
			buildActionMask = 2147483647;
			files = (
				DCE6261D225A8F0A000D19E3 /* Assets.xcassets in Resources */,
				DCE62620225A8F0A000D19E3 /* Main.storyboard in Resources */,
			);
			runOnlyForDeploymentPostprocessing = 0;
		};
		DCE6262B225A9488000D19E3 /* Resources */ = {
			isa = PBXResourcesBuildPhase;
			buildActionMask = 2147483647;
			files = (
			);
			runOnlyForDeploymentPostprocessing = 0;
		};
/* End PBXResourcesBuildPhase section */

/* Begin PBXSourcesBuildPhase section */
		DCA1B51E229D67FE00AD8ACF /* Sources */ = {
			isa = PBXSourcesBuildPhase;
			buildActionMask = 2147483647;
			files = (
				DCA1B535229D685E00AD8ACF /* test_ZDCArray.swift in Sources */,
				DCA1B530229D685E00AD8ACF /* test_ZDCOrderedSet.swift in Sources */,
				DCA1B533229D685E00AD8ACF /* test_ZDCDictionary.swift in Sources */,
				DCA1B52F229D685E00AD8ACF /* test_ZDCOrder.swift in Sources */,
				DCA1B532229D685E00AD8ACF /* test_ZDCRecord.swift in Sources */,
				DCA1B52D229D685400AD8ACF /* SimpleRecord.swift in Sources */,
				DCA1B534229D685E00AD8ACF /* test_ZDCOrderedDictionary.swift in Sources */,
				DCA1B531229D685E00AD8ACF /* test_ZDCSet.swift in Sources */,
				DCA1B52E229D685800AD8ACF /* ComplexRecord.swift in Sources */,
			);
			runOnlyForDeploymentPostprocessing = 0;
		};
		DCA1B536229D68D300AD8ACF /* Sources */ = {
			isa = PBXSourcesBuildPhase;
			buildActionMask = 2147483647;
			files = (
				DCA1B54D229D68FD00AD8ACF /* test_ZDCArray.swift in Sources */,
				DCA1B548229D68FD00AD8ACF /* test_ZDCOrderedSet.swift in Sources */,
				DCA1B54B229D68FD00AD8ACF /* test_ZDCDictionary.swift in Sources */,
				DCA1B547229D68FD00AD8ACF /* test_ZDCOrder.swift in Sources */,
				DCA1B54A229D68FD00AD8ACF /* test_ZDCRecord.swift in Sources */,
				DCA1B545229D68F700AD8ACF /* SimpleRecord.swift in Sources */,
				DCA1B54C229D68FD00AD8ACF /* test_ZDCOrderedDictionary.swift in Sources */,
				DCA1B549229D68FD00AD8ACF /* test_ZDCSet.swift in Sources */,
				DCA1B546229D68F700AD8ACF /* ComplexRecord.swift in Sources */,
			);
			runOnlyForDeploymentPostprocessing = 0;
		};
		DCC6976622514F9300284C12 /* Sources */ = {
			isa = PBXSourcesBuildPhase;
			buildActionMask = 2147483647;
			files = (
				DCC697822251504900284C12 /* ZDCSet.swift in Sources */,
				DC3AE27F227C7D3A006FC3DC /* ZDCOrderedDictionary.swift in Sources */,
				DCA1B50E229C975F00AD8ACF /* ZDCSynable.swift in Sources */,
				DCC697812251504900284C12 /* ZDCNull.swift in Sources */,
				DCE6263C225BF1F4000D19E3 /* ZDCRecord.swift in Sources */,
				DCBF10D9243E6AB8003806C5 /* SyncablePropertyWrapper.swift in Sources */,
				DC9ACBCC2275DF2D0031FE3E /* ZDCOrderedSet.swift in Sources */,
				DCE62610225A8C0B000D19E3 /* ZDCSyncableError.swift in Sources */,
				DCC697802251504900284C12 /* ZDCRef.swift in Sources */,
				DCEA81962278858300FBC86B /* ZDCOrder.swift in Sources */,
				DCC6977F2251504900284C12 /* ZDCObject.swift in Sources */,
				DCBF10DB243E6ABC003806C5 /* ZDCSyncableProperty.swift in Sources */,
				DCEA819E2279CDA700FBC86B /* ZDCDictionary.swift in Sources */,
				DCEC302F22997D4D00BE7A79 /* ZDCArray.swift in Sources */,
				DCC6977D2251504900284C12 /* ZDCSwiftWorkarounds.m in Sources */,
			);
			runOnlyForDeploymentPostprocessing = 0;
		};
		DCC6979B2251531C00284C12 /* Sources */ = {
			isa = PBXSourcesBuildPhase;
			buildActionMask = 2147483647;
			files = (
				DCC697A82251535900284C12 /* ZDCObject.swift in Sources */,
				DC3AE27E227C7D3A006FC3DC /* ZDCOrderedDictionary.swift in Sources */,
				DCC697AC2251536900284C12 /* ZDCSwiftWorkarounds.m in Sources */,
				DCBF10D6243E682B003806C5 /* ZDCSyncableProperty.swift in Sources */,
				DCE6263B225BF1F4000D19E3 /* ZDCRecord.swift in Sources */,
				DC9ACBCB2275DF2D0031FE3E /* ZDCOrderedSet.swift in Sources */,
				DCE6260F225A8C0B000D19E3 /* ZDCSyncableError.swift in Sources */,
				DCC697AA2251536300284C12 /* ZDCRef.swift in Sources */,
				DCBF10D8243E6A2A003806C5 /* SyncablePropertyWrapper.swift in Sources */,
				DCEA81952278858300FBC86B /* ZDCOrder.swift in Sources */,
				DCC697A72251535300284C12 /* ZDCSynable.swift in Sources */,
				DCEA819D2279CDA700FBC86B /* ZDCDictionary.swift in Sources */,
				DCEC302E22997D4D00BE7A79 /* ZDCArray.swift in Sources */,
				DCC697AB2251536700284C12 /* ZDCNull.swift in Sources */,
				DCC697A92251535C00284C12 /* ZDCSet.swift in Sources */,
			);
			runOnlyForDeploymentPostprocessing = 0;
		};
		DCC697AF2251541800284C12 /* Sources */ = {
			isa = PBXSourcesBuildPhase;
			buildActionMask = 2147483647;
			files = (
				DCC697BC2251544500284C12 /* ZDCNull.swift in Sources */,
				DC3AE280227C7D3A006FC3DC /* ZDCOrderedDictionary.swift in Sources */,
				DCC697C02251545400284C12 /* ZDCObject.swift in Sources */,
				DCE6263D225BF1F4000D19E3 /* ZDCRecord.swift in Sources */,
				DC9ACBCD2275DF2D0031FE3E /* ZDCOrderedSet.swift in Sources */,
				DCBF10DA243E6AB9003806C5 /* SyncablePropertyWrapper.swift in Sources */,
				DCE62611225A8C0B000D19E3 /* ZDCSyncableError.swift in Sources */,
				DCC697C12251545700284C12 /* ZDCSet.swift in Sources */,
				DCEA81972278858300FBC86B /* ZDCOrder.swift in Sources */,
				DCC697BE2251544D00284C12 /* ZDCSwiftWorkarounds.m in Sources */,
				DCEA819F2279CDA700FBC86B /* ZDCDictionary.swift in Sources */,
				DCBF10DC243E6ABD003806C5 /* ZDCSyncableProperty.swift in Sources */,
				DCEC303022997D4D00BE7A79 /* ZDCArray.swift in Sources */,
				DCC697BF2251545100284C12 /* ZDCSynable.swift in Sources */,
				DCC697BB2251544200284C12 /* ZDCRef.swift in Sources */,
			);
			runOnlyForDeploymentPostprocessing = 0;
		};
		DCE62612225A8F04000D19E3 /* Sources */ = {
			isa = PBXSourcesBuildPhase;
			buildActionMask = 2147483647;
			files = (
				DCE6261B225A8F04000D19E3 /* ViewController.swift in Sources */,
				DCE62619225A8F04000D19E3 /* AppDelegate.swift in Sources */,
			);
			runOnlyForDeploymentPostprocessing = 0;
		};
		DCE62629225A9488000D19E3 /* Sources */ = {
			isa = PBXSourcesBuildPhase;
			buildActionMask = 2147483647;
			files = (
				DCEA81AF2279F1E400FBC86B /* test_ZDCOrderedSet.swift in Sources */,
				DCEA81AE2279F1D900FBC86B /* test_ZDCOrder.swift in Sources */,
				DC3AE282227C9ADC006FC3DC /* test_ZDCOrderedDictionary.swift in Sources */,
				DCEA81B12279F1EB00FBC86B /* test_ZDCRecord.swift in Sources */,
				DCE62642225C00D5000D19E3 /* SimpleRecord.swift in Sources */,
				DCEC303222999C6E00BE7A79 /* test_ZDCArray.swift in Sources */,
				DCFBC866229C66B30033DE40 /* ComplexRecord.swift in Sources */,
				DCEA81B02279F1E800FBC86B /* test_ZDCSet.swift in Sources */,
				DCEA81AD2279F05600FBC86B /* test_ZDCDictionary.swift in Sources */,
			);
			runOnlyForDeploymentPostprocessing = 0;
		};
/* End PBXSourcesBuildPhase section */

/* Begin PBXTargetDependency section */
		DCA1B529229D67FE00AD8ACF /* PBXTargetDependency */ = {
			isa = PBXTargetDependency;
			target = DCC6979E2251531C00284C12 /* ZDCSyncable_iOS */;
			targetProxy = DCA1B528229D67FE00AD8ACF /* PBXContainerItemProxy */;
		};
		DCA1B541229D68D300AD8ACF /* PBXTargetDependency */ = {
			isa = PBXTargetDependency;
			target = DCC697B22251541800284C12 /* ZDCSyncable_tvOS */;
			targetProxy = DCA1B540229D68D300AD8ACF /* PBXContainerItemProxy */;
		};
		DCE62627225A8F1C000D19E3 /* PBXTargetDependency */ = {
			isa = PBXTargetDependency;
			target = DCC6976922514F9300284C12 /* ZDCSyncable_macOS */;
			targetProxy = DCE62626225A8F1C000D19E3 /* PBXContainerItemProxy */;
		};
		DCE62634225A9488000D19E3 /* PBXTargetDependency */ = {
			isa = PBXTargetDependency;
			target = DCC6976922514F9300284C12 /* ZDCSyncable_macOS */;
			targetProxy = DCE62633225A9488000D19E3 /* PBXContainerItemProxy */;
		};
/* End PBXTargetDependency section */

/* Begin PBXVariantGroup section */
		DCE6261E225A8F0A000D19E3 /* Main.storyboard */ = {
			isa = PBXVariantGroup;
			children = (
				DCE6261F225A8F0A000D19E3 /* Base */,
			);
			name = Main.storyboard;
			sourceTree = "<group>";
		};
/* End PBXVariantGroup section */

/* Begin XCBuildConfiguration section */
		DCA1B52B229D67FE00AD8ACF /* Debug */ = {
			isa = XCBuildConfiguration;
			buildSettings = {
				CODE_SIGN_IDENTITY = "iPhone Developer";
				CODE_SIGN_STYLE = Automatic;
				DEVELOPMENT_TEAM = VT5GYGYX83;
				INFOPLIST_FILE = UnitTests_iOS/Info.plist;
				IPHONEOS_DEPLOYMENT_TARGET = 12.2;
				LD_RUNPATH_SEARCH_PATHS = (
					"$(inherited)",
					"@executable_path/Frameworks",
					"@loader_path/Frameworks",
				);
				PRODUCT_BUNDLE_IDENTIFIER = "com.4th-a.UnitTests-Swift-iOS";
				PRODUCT_NAME = "$(TARGET_NAME)";
				SDKROOT = iphoneos;
				SWIFT_VERSION = 5.0;
				TARGETED_DEVICE_FAMILY = "1,2";
			};
			name = Debug;
		};
		DCA1B52C229D67FE00AD8ACF /* Release */ = {
			isa = XCBuildConfiguration;
			buildSettings = {
				CODE_SIGN_IDENTITY = "iPhone Developer";
				CODE_SIGN_STYLE = Automatic;
				DEVELOPMENT_TEAM = VT5GYGYX83;
				INFOPLIST_FILE = UnitTests_iOS/Info.plist;
				IPHONEOS_DEPLOYMENT_TARGET = 12.2;
				LD_RUNPATH_SEARCH_PATHS = (
					"$(inherited)",
					"@executable_path/Frameworks",
					"@loader_path/Frameworks",
				);
				PRODUCT_BUNDLE_IDENTIFIER = "com.4th-a.UnitTests-Swift-iOS";
				PRODUCT_NAME = "$(TARGET_NAME)";
				SDKROOT = iphoneos;
				SWIFT_VERSION = 5.0;
				TARGETED_DEVICE_FAMILY = "1,2";
				VALIDATE_PRODUCT = YES;
			};
			name = Release;
		};
		DCA1B543229D68D300AD8ACF /* Debug */ = {
			isa = XCBuildConfiguration;
			buildSettings = {
				CODE_SIGN_STYLE = Automatic;
				DEVELOPMENT_TEAM = VT5GYGYX83;
				INFOPLIST_FILE = UnitTests_tvOS/Info.plist;
				LD_RUNPATH_SEARCH_PATHS = (
					"$(inherited)",
					"@executable_path/Frameworks",
					"@loader_path/Frameworks",
				);
				PRODUCT_BUNDLE_IDENTIFIER = "com.4th-a.UnitTests-Swift-tvOS";
				PRODUCT_NAME = "$(TARGET_NAME)";
				SDKROOT = appletvos;
				SWIFT_VERSION = 5.0;
				TARGETED_DEVICE_FAMILY = 3;
				TVOS_DEPLOYMENT_TARGET = 12.2;
			};
			name = Debug;
		};
		DCA1B544229D68D300AD8ACF /* Release */ = {
			isa = XCBuildConfiguration;
			buildSettings = {
				CODE_SIGN_STYLE = Automatic;
				DEVELOPMENT_TEAM = VT5GYGYX83;
				INFOPLIST_FILE = UnitTests_tvOS/Info.plist;
				LD_RUNPATH_SEARCH_PATHS = (
					"$(inherited)",
					"@executable_path/Frameworks",
					"@loader_path/Frameworks",
				);
				PRODUCT_BUNDLE_IDENTIFIER = "com.4th-a.UnitTests-Swift-tvOS";
				PRODUCT_NAME = "$(TARGET_NAME)";
				SDKROOT = appletvos;
				SWIFT_VERSION = 5.0;
				TARGETED_DEVICE_FAMILY = 3;
				TVOS_DEPLOYMENT_TARGET = 12.2;
				VALIDATE_PRODUCT = YES;
			};
			name = Release;
		};
		DCBCC455225019F40085B27F /* Debug */ = {
			isa = XCBuildConfiguration;
			buildSettings = {
				ALWAYS_SEARCH_USER_PATHS = NO;
				CLANG_ANALYZER_NONNULL = YES;
				CLANG_ANALYZER_NUMBER_OBJECT_CONVERSION = YES_AGGRESSIVE;
				CLANG_CXX_LANGUAGE_STANDARD = "gnu++14";
				CLANG_CXX_LIBRARY = "libc++";
				CLANG_ENABLE_MODULES = YES;
				CLANG_ENABLE_OBJC_ARC = YES;
				CLANG_ENABLE_OBJC_WEAK = YES;
				CLANG_WARN_BLOCK_CAPTURE_AUTORELEASING = YES;
				CLANG_WARN_BOOL_CONVERSION = YES;
				CLANG_WARN_COMMA = YES;
				CLANG_WARN_CONSTANT_CONVERSION = YES;
				CLANG_WARN_DEPRECATED_OBJC_IMPLEMENTATIONS = YES;
				CLANG_WARN_DIRECT_OBJC_ISA_USAGE = YES_ERROR;
				CLANG_WARN_DOCUMENTATION_COMMENTS = YES;
				CLANG_WARN_EMPTY_BODY = YES;
				CLANG_WARN_ENUM_CONVERSION = YES;
				CLANG_WARN_INFINITE_RECURSION = YES;
				CLANG_WARN_INT_CONVERSION = YES;
				CLANG_WARN_NON_LITERAL_NULL_CONVERSION = YES;
				CLANG_WARN_OBJC_IMPLICIT_RETAIN_SELF = YES;
				CLANG_WARN_OBJC_LITERAL_CONVERSION = YES;
				CLANG_WARN_OBJC_ROOT_CLASS = YES_ERROR;
				CLANG_WARN_RANGE_LOOP_ANALYSIS = YES;
				CLANG_WARN_STRICT_PROTOTYPES = YES;
				CLANG_WARN_SUSPICIOUS_MOVE = YES;
				CLANG_WARN_UNGUARDED_AVAILABILITY = YES_AGGRESSIVE;
				CLANG_WARN_UNREACHABLE_CODE = YES;
				CLANG_WARN__DUPLICATE_METHOD_MATCH = YES;
				CODE_SIGN_IDENTITY = "Mac Developer";
				COPY_PHASE_STRIP = NO;
				CURRENT_PROJECT_VERSION = 1;
				DEBUG_INFORMATION_FORMAT = dwarf;
				ENABLE_STRICT_OBJC_MSGSEND = YES;
				ENABLE_TESTABILITY = YES;
				GCC_C_LANGUAGE_STANDARD = gnu11;
				GCC_DYNAMIC_NO_PIC = NO;
				GCC_NO_COMMON_BLOCKS = YES;
				GCC_OPTIMIZATION_LEVEL = 0;
				GCC_PREPROCESSOR_DEFINITIONS = (
					"DEBUG=1",
					"$(inherited)",
				);
				GCC_WARN_64_TO_32_BIT_CONVERSION = YES;
				GCC_WARN_ABOUT_RETURN_TYPE = YES_ERROR;
				GCC_WARN_UNDECLARED_SELECTOR = YES;
				GCC_WARN_UNINITIALIZED_AUTOS = YES_AGGRESSIVE;
				GCC_WARN_UNUSED_FUNCTION = YES;
				GCC_WARN_UNUSED_VARIABLE = YES;
				MACOSX_DEPLOYMENT_TARGET = 10.14;
				MTL_ENABLE_DEBUG_INFO = INCLUDE_SOURCE;
				MTL_FAST_MATH = YES;
				ONLY_ACTIVE_ARCH = YES;
				SDKROOT = macosx;
				SWIFT_ACTIVE_COMPILATION_CONDITIONS = DEBUG;
				SWIFT_OPTIMIZATION_LEVEL = "-Onone";
				VERSIONING_SYSTEM = "apple-generic";
				VERSION_INFO_PREFIX = "";
			};
			name = Debug;
		};
		DCBCC456225019F40085B27F /* Release */ = {
			isa = XCBuildConfiguration;
			buildSettings = {
				ALWAYS_SEARCH_USER_PATHS = NO;
				CLANG_ANALYZER_NONNULL = YES;
				CLANG_ANALYZER_NUMBER_OBJECT_CONVERSION = YES_AGGRESSIVE;
				CLANG_CXX_LANGUAGE_STANDARD = "gnu++14";
				CLANG_CXX_LIBRARY = "libc++";
				CLANG_ENABLE_MODULES = YES;
				CLANG_ENABLE_OBJC_ARC = YES;
				CLANG_ENABLE_OBJC_WEAK = YES;
				CLANG_WARN_BLOCK_CAPTURE_AUTORELEASING = YES;
				CLANG_WARN_BOOL_CONVERSION = YES;
				CLANG_WARN_COMMA = YES;
				CLANG_WARN_CONSTANT_CONVERSION = YES;
				CLANG_WARN_DEPRECATED_OBJC_IMPLEMENTATIONS = YES;
				CLANG_WARN_DIRECT_OBJC_ISA_USAGE = YES_ERROR;
				CLANG_WARN_DOCUMENTATION_COMMENTS = YES;
				CLANG_WARN_EMPTY_BODY = YES;
				CLANG_WARN_ENUM_CONVERSION = YES;
				CLANG_WARN_INFINITE_RECURSION = YES;
				CLANG_WARN_INT_CONVERSION = YES;
				CLANG_WARN_NON_LITERAL_NULL_CONVERSION = YES;
				CLANG_WARN_OBJC_IMPLICIT_RETAIN_SELF = YES;
				CLANG_WARN_OBJC_LITERAL_CONVERSION = YES;
				CLANG_WARN_OBJC_ROOT_CLASS = YES_ERROR;
				CLANG_WARN_RANGE_LOOP_ANALYSIS = YES;
				CLANG_WARN_STRICT_PROTOTYPES = YES;
				CLANG_WARN_SUSPICIOUS_MOVE = YES;
				CLANG_WARN_UNGUARDED_AVAILABILITY = YES_AGGRESSIVE;
				CLANG_WARN_UNREACHABLE_CODE = YES;
				CLANG_WARN__DUPLICATE_METHOD_MATCH = YES;
				CODE_SIGN_IDENTITY = "Mac Developer";
				COPY_PHASE_STRIP = NO;
				CURRENT_PROJECT_VERSION = 1;
				DEBUG_INFORMATION_FORMAT = "dwarf-with-dsym";
				ENABLE_NS_ASSERTIONS = NO;
				ENABLE_STRICT_OBJC_MSGSEND = YES;
				GCC_C_LANGUAGE_STANDARD = gnu11;
				GCC_NO_COMMON_BLOCKS = YES;
				GCC_WARN_64_TO_32_BIT_CONVERSION = YES;
				GCC_WARN_ABOUT_RETURN_TYPE = YES_ERROR;
				GCC_WARN_UNDECLARED_SELECTOR = YES;
				GCC_WARN_UNINITIALIZED_AUTOS = YES_AGGRESSIVE;
				GCC_WARN_UNUSED_FUNCTION = YES;
				GCC_WARN_UNUSED_VARIABLE = YES;
				MACOSX_DEPLOYMENT_TARGET = 10.14;
				MTL_ENABLE_DEBUG_INFO = NO;
				MTL_FAST_MATH = YES;
				SDKROOT = macosx;
				SWIFT_COMPILATION_MODE = wholemodule;
				SWIFT_OPTIMIZATION_LEVEL = "-O";
				VERSIONING_SYSTEM = "apple-generic";
				VERSION_INFO_PREFIX = "";
			};
			name = Release;
		};
		DCC6977022514F9300284C12 /* Debug */ = {
			isa = XCBuildConfiguration;
			buildSettings = {
				CLANG_ENABLE_MODULES = YES;
				CODE_SIGN_IDENTITY = "";
				CODE_SIGN_STYLE = Automatic;
				COMBINE_HIDPI_IMAGES = YES;
				DEFINES_MODULE = YES;
				DEVELOPMENT_TEAM = VT5GYGYX83;
				DYLIB_COMPATIBILITY_VERSION = 1;
				DYLIB_CURRENT_VERSION = 1;
				DYLIB_INSTALL_NAME_BASE = "@rpath";
				FRAMEWORK_VERSION = A;
				INFOPLIST_FILE = ZDCSyncable_macOS/Info.plist;
				INSTALL_PATH = "$(LOCAL_LIBRARY_DIR)/Frameworks";
				LD_RUNPATH_SEARCH_PATHS = (
					"$(inherited)",
					"@executable_path/../Frameworks",
					"@loader_path/Frameworks",
				);
				MACOSX_DEPLOYMENT_TARGET = 10.12;
				PRODUCT_BUNDLE_IDENTIFIER = "com.4th-a.ZDCSyncable-Swift-macOS";
				PRODUCT_NAME = ZDCSyncable;
				SKIP_INSTALL = YES;
				SWIFT_OPTIMIZATION_LEVEL = "-Onone";
				SWIFT_VERSION = 5.0;
			};
			name = Debug;
		};
		DCC6977122514F9300284C12 /* Release */ = {
			isa = XCBuildConfiguration;
			buildSettings = {
				CLANG_ENABLE_MODULES = YES;
				CODE_SIGN_IDENTITY = "";
				CODE_SIGN_STYLE = Automatic;
				COMBINE_HIDPI_IMAGES = YES;
				DEFINES_MODULE = YES;
				DEVELOPMENT_TEAM = VT5GYGYX83;
				DYLIB_COMPATIBILITY_VERSION = 1;
				DYLIB_CURRENT_VERSION = 1;
				DYLIB_INSTALL_NAME_BASE = "@rpath";
				FRAMEWORK_VERSION = A;
				INFOPLIST_FILE = ZDCSyncable_macOS/Info.plist;
				INSTALL_PATH = "$(LOCAL_LIBRARY_DIR)/Frameworks";
				LD_RUNPATH_SEARCH_PATHS = (
					"$(inherited)",
					"@executable_path/../Frameworks",
					"@loader_path/Frameworks",
				);
				MACOSX_DEPLOYMENT_TARGET = 10.12;
				PRODUCT_BUNDLE_IDENTIFIER = "com.4th-a.ZDCSyncable-Swift-macOS";
				PRODUCT_NAME = ZDCSyncable;
				SKIP_INSTALL = YES;
				SWIFT_VERSION = 5.0;
			};
			name = Release;
		};
		DCC697A52251531D00284C12 /* Debug */ = {
			isa = XCBuildConfiguration;
			buildSettings = {
				CODE_SIGN_IDENTITY = "iPhone Developer";
				CODE_SIGN_STYLE = Automatic;
				DEFINES_MODULE = YES;
				DEVELOPMENT_TEAM = VT5GYGYX83;
				DYLIB_COMPATIBILITY_VERSION = 1;
				DYLIB_CURRENT_VERSION = 1;
				DYLIB_INSTALL_NAME_BASE = "@rpath";
				INFOPLIST_FILE = ZDCSyncable_iOS/Info.plist;
				INSTALL_PATH = "$(LOCAL_LIBRARY_DIR)/Frameworks";
				IPHONEOS_DEPLOYMENT_TARGET = 10.0;
				LD_RUNPATH_SEARCH_PATHS = (
					"$(inherited)",
					"@executable_path/Frameworks",
					"@loader_path/Frameworks",
				);
				PRODUCT_BUNDLE_IDENTIFIER = "com.4th-a.ZDCSyncable-Swift-iOS";
				PRODUCT_NAME = ZDCSyncable;
				SDKROOT = iphoneos;
				SKIP_INSTALL = YES;
				SWIFT_VERSION = 5.0;
				TARGETED_DEVICE_FAMILY = "1,2";
			};
			name = Debug;
		};
		DCC697A62251531D00284C12 /* Release */ = {
			isa = XCBuildConfiguration;
			buildSettings = {
				CODE_SIGN_IDENTITY = "iPhone Developer";
				CODE_SIGN_STYLE = Automatic;
				DEFINES_MODULE = YES;
				DEVELOPMENT_TEAM = VT5GYGYX83;
				DYLIB_COMPATIBILITY_VERSION = 1;
				DYLIB_CURRENT_VERSION = 1;
				DYLIB_INSTALL_NAME_BASE = "@rpath";
				INFOPLIST_FILE = ZDCSyncable_iOS/Info.plist;
				INSTALL_PATH = "$(LOCAL_LIBRARY_DIR)/Frameworks";
				IPHONEOS_DEPLOYMENT_TARGET = 10.0;
				LD_RUNPATH_SEARCH_PATHS = (
					"$(inherited)",
					"@executable_path/Frameworks",
					"@loader_path/Frameworks",
				);
				PRODUCT_BUNDLE_IDENTIFIER = "com.4th-a.ZDCSyncable-Swift-iOS";
				PRODUCT_NAME = ZDCSyncable;
				SDKROOT = iphoneos;
				SKIP_INSTALL = YES;
				SWIFT_VERSION = 5.0;
				TARGETED_DEVICE_FAMILY = "1,2";
				VALIDATE_PRODUCT = YES;
			};
			name = Release;
		};
		DCC697B92251541800284C12 /* Debug */ = {
			isa = XCBuildConfiguration;
			buildSettings = {
				CODE_SIGN_IDENTITY = "";
				CODE_SIGN_STYLE = Automatic;
				DEFINES_MODULE = YES;
				DEVELOPMENT_TEAM = VT5GYGYX83;
				DYLIB_COMPATIBILITY_VERSION = 1;
				DYLIB_CURRENT_VERSION = 1;
				DYLIB_INSTALL_NAME_BASE = "@rpath";
				INFOPLIST_FILE = ZDCSyncable_tvOS/Info.plist;
				INSTALL_PATH = "$(LOCAL_LIBRARY_DIR)/Frameworks";
				LD_RUNPATH_SEARCH_PATHS = (
					"$(inherited)",
					"@executable_path/Frameworks",
					"@loader_path/Frameworks",
				);
				PRODUCT_BUNDLE_IDENTIFIER = "com.4th-a.ZDCSyncable-Swift-tvOS";
				PRODUCT_NAME = ZDCSyncable;
				SDKROOT = appletvos;
				SKIP_INSTALL = YES;
				SWIFT_VERSION = 5.0;
				TARGETED_DEVICE_FAMILY = 3;
				TVOS_DEPLOYMENT_TARGET = 10.0;
			};
			name = Debug;
		};
		DCC697BA2251541800284C12 /* Release */ = {
			isa = XCBuildConfiguration;
			buildSettings = {
				CODE_SIGN_IDENTITY = "";
				CODE_SIGN_STYLE = Automatic;
				DEFINES_MODULE = YES;
				DEVELOPMENT_TEAM = VT5GYGYX83;
				DYLIB_COMPATIBILITY_VERSION = 1;
				DYLIB_CURRENT_VERSION = 1;
				DYLIB_INSTALL_NAME_BASE = "@rpath";
				INFOPLIST_FILE = ZDCSyncable_tvOS/Info.plist;
				INSTALL_PATH = "$(LOCAL_LIBRARY_DIR)/Frameworks";
				LD_RUNPATH_SEARCH_PATHS = (
					"$(inherited)",
					"@executable_path/Frameworks",
					"@loader_path/Frameworks",
				);
				PRODUCT_BUNDLE_IDENTIFIER = "com.4th-a.ZDCSyncable-Swift-tvOS";
				PRODUCT_NAME = ZDCSyncable;
				SDKROOT = appletvos;
				SKIP_INSTALL = YES;
				SWIFT_VERSION = 5.0;
				TARGETED_DEVICE_FAMILY = 3;
				TVOS_DEPLOYMENT_TARGET = 10.0;
				VALIDATE_PRODUCT = YES;
			};
			name = Release;
		};
		DCE62624225A8F0B000D19E3 /* Debug */ = {
			isa = XCBuildConfiguration;
			buildSettings = {
				ASSETCATALOG_COMPILER_APPICON_NAME = AppIcon;
				CODE_SIGN_ENTITLEMENTS = Demo_macOS/Demo_macOS.entitlements;
				CODE_SIGN_STYLE = Automatic;
				COMBINE_HIDPI_IMAGES = YES;
				DEVELOPMENT_TEAM = VT5GYGYX83;
				INFOPLIST_FILE = Demo_macOS/Info.plist;
				LD_RUNPATH_SEARCH_PATHS = (
					"$(inherited)",
					"@executable_path/../Frameworks",
				);
				PRODUCT_BUNDLE_IDENTIFIER = "com.4th-a.Demo-Swift-macOS";
				PRODUCT_NAME = "$(TARGET_NAME)";
				SWIFT_VERSION = 5.0;
			};
			name = Debug;
		};
		DCE62625225A8F0B000D19E3 /* Release */ = {
			isa = XCBuildConfiguration;
			buildSettings = {
				ASSETCATALOG_COMPILER_APPICON_NAME = AppIcon;
				CODE_SIGN_ENTITLEMENTS = Demo_macOS/Demo_macOS.entitlements;
				CODE_SIGN_STYLE = Automatic;
				COMBINE_HIDPI_IMAGES = YES;
				DEVELOPMENT_TEAM = VT5GYGYX83;
				INFOPLIST_FILE = Demo_macOS/Info.plist;
				LD_RUNPATH_SEARCH_PATHS = (
					"$(inherited)",
					"@executable_path/../Frameworks",
				);
				PRODUCT_BUNDLE_IDENTIFIER = "com.4th-a.Demo-Swift-macOS";
				PRODUCT_NAME = "$(TARGET_NAME)";
				SWIFT_VERSION = 5.0;
			};
			name = Release;
		};
		DCE62636225A9488000D19E3 /* Debug */ = {
			isa = XCBuildConfiguration;
			buildSettings = {
				CODE_SIGN_STYLE = Automatic;
				COMBINE_HIDPI_IMAGES = YES;
				DEVELOPMENT_TEAM = VT5GYGYX83;
				INFOPLIST_FILE = UnitTests_macOS/Info.plist;
				LD_RUNPATH_SEARCH_PATHS = (
					"$(inherited)",
					"@executable_path/../Frameworks",
					"@loader_path/../Frameworks",
				);
				PRODUCT_BUNDLE_IDENTIFIER = "com.4th-a.UnitTests-Swift-macOS";
				PRODUCT_NAME = "$(TARGET_NAME)";
				SWIFT_VERSION = 5.0;
			};
			name = Debug;
		};
		DCE62637225A9488000D19E3 /* Release */ = {
			isa = XCBuildConfiguration;
			buildSettings = {
				CODE_SIGN_STYLE = Automatic;
				COMBINE_HIDPI_IMAGES = YES;
				DEVELOPMENT_TEAM = VT5GYGYX83;
				INFOPLIST_FILE = UnitTests_macOS/Info.plist;
				LD_RUNPATH_SEARCH_PATHS = (
					"$(inherited)",
					"@executable_path/../Frameworks",
					"@loader_path/../Frameworks",
				);
				PRODUCT_BUNDLE_IDENTIFIER = "com.4th-a.UnitTests-Swift-macOS";
				PRODUCT_NAME = "$(TARGET_NAME)";
				SWIFT_VERSION = 5.0;
			};
			name = Release;
		};
/* End XCBuildConfiguration section */

/* Begin XCConfigurationList section */
		DCA1B52A229D67FE00AD8ACF /* Build configuration list for PBXNativeTarget "UnitTests_iOS" */ = {
			isa = XCConfigurationList;
			buildConfigurations = (
				DCA1B52B229D67FE00AD8ACF /* Debug */,
				DCA1B52C229D67FE00AD8ACF /* Release */,
			);
			defaultConfigurationIsVisible = 0;
			defaultConfigurationName = Release;
		};
		DCA1B542229D68D300AD8ACF /* Build configuration list for PBXNativeTarget "UnitTests_tvOS" */ = {
			isa = XCConfigurationList;
			buildConfigurations = (
				DCA1B543229D68D300AD8ACF /* Debug */,
				DCA1B544229D68D300AD8ACF /* Release */,
			);
			defaultConfigurationIsVisible = 0;
			defaultConfigurationName = Release;
		};
		DCBCC449225019F40085B27F /* Build configuration list for PBXProject "ZDCSyncable" */ = {
			isa = XCConfigurationList;
			buildConfigurations = (
				DCBCC455225019F40085B27F /* Debug */,
				DCBCC456225019F40085B27F /* Release */,
			);
			defaultConfigurationIsVisible = 0;
			defaultConfigurationName = Release;
		};
		DCC6976F22514F9300284C12 /* Build configuration list for PBXNativeTarget "ZDCSyncable_macOS" */ = {
			isa = XCConfigurationList;
			buildConfigurations = (
				DCC6977022514F9300284C12 /* Debug */,
				DCC6977122514F9300284C12 /* Release */,
			);
			defaultConfigurationIsVisible = 0;
			defaultConfigurationName = Release;
		};
		DCC697A42251531D00284C12 /* Build configuration list for PBXNativeTarget "ZDCSyncable_iOS" */ = {
			isa = XCConfigurationList;
			buildConfigurations = (
				DCC697A52251531D00284C12 /* Debug */,
				DCC697A62251531D00284C12 /* Release */,
			);
			defaultConfigurationIsVisible = 0;
			defaultConfigurationName = Release;
		};
		DCC697B82251541800284C12 /* Build configuration list for PBXNativeTarget "ZDCSyncable_tvOS" */ = {
			isa = XCConfigurationList;
			buildConfigurations = (
				DCC697B92251541800284C12 /* Debug */,
				DCC697BA2251541800284C12 /* Release */,
			);
			defaultConfigurationIsVisible = 0;
			defaultConfigurationName = Release;
		};
		DCE62623225A8F0B000D19E3 /* Build configuration list for PBXNativeTarget "Demo_macOS" */ = {
			isa = XCConfigurationList;
			buildConfigurations = (
				DCE62624225A8F0B000D19E3 /* Debug */,
				DCE62625225A8F0B000D19E3 /* Release */,
			);
			defaultConfigurationIsVisible = 0;
			defaultConfigurationName = Release;
		};
		DCE62635225A9488000D19E3 /* Build configuration list for PBXNativeTarget "UnitTests_macOS" */ = {
			isa = XCConfigurationList;
			buildConfigurations = (
				DCE62636225A9488000D19E3 /* Debug */,
				DCE62637225A9488000D19E3 /* Release */,
			);
			defaultConfigurationIsVisible = 0;
			defaultConfigurationName = Release;
		};
/* End XCConfigurationList section */
	};
	rootObject = DCBCC446225019F40085B27F /* Project object */;
}
